<?xml version="1.0" encoding="utf-8"?>
<Project ToolsVersion="16.0" xmlns="http://schemas.microsoft.com/developer/msbuild/2003">
  <ItemGroup>
    <ClCompile Include="M:\sourcecode\flycast\core\emulator.cpp">
      <Filter>Source Files</Filter>
    </ClCompile>
    <ClCompile Include="M:\sourcecode\flycast\core\sdl\sdl.cpp">
      <Filter>Source Files</Filter>
    </ClCompile>
    <ClCompile Include="M:\sourcecode\flycast\core\deps\chdpsr\cdipsr.cpp">
      <Filter>Source Files</Filter>
    </ClCompile>
    <ClCompile Include="M:\sourcecode\flycast\core\deps\picotcp\modules\pico_arp.c">
      <Filter>Source Files</Filter>
    </ClCompile>
    <ClCompile Include="M:\sourcecode\flycast\core\deps\picotcp\modules\pico_dev_ppp.c">
      <Filter>Source Files</Filter>
    </ClCompile>
    <ClCompile Include="M:\sourcecode\flycast\core\deps\picotcp\modules\pico_dhcp_common.c">
      <Filter>Source Files</Filter>
    </ClCompile>
    <ClCompile Include="M:\sourcecode\flycast\core\deps\picotcp\modules\pico_dhcp_server.c">
      <Filter>Source Files</Filter>
    </ClCompile>
    <ClCompile Include="M:\sourcecode\flycast\core\deps\picotcp\modules\pico_dns_client.c">
      <Filter>Source Files</Filter>
    </ClCompile>
    <ClCompile Include="M:\sourcecode\flycast\core\deps\picotcp\modules\pico_dns_common.c">
      <Filter>Source Files</Filter>
    </ClCompile>
    <ClCompile Include="M:\sourcecode\flycast\core\deps\picotcp\modules\pico_ethernet.c">
      <Filter>Source Files</Filter>
    </ClCompile>
    <ClCompile Include="M:\sourcecode\flycast\core\deps\picotcp\modules\pico_fragments.c">
      <Filter>Source Files</Filter>
    </ClCompile>
    <ClCompile Include="M:\sourcecode\flycast\core\deps\picotcp\modules\pico_icmp4.c">
      <Filter>Source Files</Filter>
    </ClCompile>
    <ClCompile Include="M:\sourcecode\flycast\core\deps\picotcp\modules\pico_ipv4.c">
      <Filter>Source Files</Filter>
    </ClCompile>
    <ClCompile Include="M:\sourcecode\flycast\core\deps\picotcp\modules\pico_socket_tcp.c">
      <Filter>Source Files</Filter>
    </ClCompile>
    <ClCompile Include="M:\sourcecode\flycast\core\deps\picotcp\modules\pico_socket_udp.c">
      <Filter>Source Files</Filter>
    </ClCompile>
    <ClCompile Include="M:\sourcecode\flycast\core\deps\picotcp\modules\pico_strings.c">
      <Filter>Source Files</Filter>
    </ClCompile>
    <ClCompile Include="M:\sourcecode\flycast\core\deps\picotcp\modules\pico_tcp.c">
      <Filter>Source Files</Filter>
    </ClCompile>
    <ClCompile Include="M:\sourcecode\flycast\core\deps\picotcp\modules\pico_udp.c">
      <Filter>Source Files</Filter>
    </ClCompile>
    <ClCompile Include="M:\sourcecode\flycast\core\deps\picotcp\stack\pico_device.c">
      <Filter>Source Files</Filter>
    </ClCompile>
    <ClCompile Include="M:\sourcecode\flycast\core\deps\picotcp\stack\pico_frame.c">
      <Filter>Source Files</Filter>
    </ClCompile>
    <ClCompile Include="M:\sourcecode\flycast\core\deps\picotcp\stack\pico_md5.c">
      <Filter>Source Files</Filter>
    </ClCompile>
    <ClCompile Include="M:\sourcecode\flycast\core\deps\picotcp\stack\pico_protocol.c">
      <Filter>Source Files</Filter>
    </ClCompile>
    <ClCompile Include="M:\sourcecode\flycast\core\deps\picotcp\stack\pico_socket.c">
      <Filter>Source Files</Filter>
    </ClCompile>
    <ClCompile Include="M:\sourcecode\flycast\core\deps\picotcp\stack\pico_socket_multicast.c">
      <Filter>Source Files</Filter>
    </ClCompile>
    <ClCompile Include="M:\sourcecode\flycast\core\deps\picotcp\stack\pico_stack.c">
      <Filter>Source Files</Filter>
    </ClCompile>
    <ClCompile Include="M:\sourcecode\flycast\core\deps\picotcp\stack\pico_tree.c">
      <Filter>Source Files</Filter>
    </ClCompile>
    <ClCompile Include="M:\sourcecode\flycast\core\deps\lzma\7zArcIn.c">
      <Filter>Source Files</Filter>
    </ClCompile>
    <ClCompile Include="M:\sourcecode\flycast\core\deps\lzma\7zBuf.c">
      <Filter>Source Files</Filter>
    </ClCompile>
    <ClCompile Include="M:\sourcecode\flycast\core\deps\lzma\7zCrc.c">
      <Filter>Source Files</Filter>
    </ClCompile>
    <ClCompile Include="M:\sourcecode\flycast\core\deps\lzma\7zCrcOpt.c">
      <Filter>Source Files</Filter>
    </ClCompile>
    <ClCompile Include="M:\sourcecode\flycast\core\deps\lzma\7zDec.c">
      <Filter>Source Files</Filter>
    </ClCompile>
    <ClCompile Include="M:\sourcecode\flycast\core\deps\lzma\7zFile.c">
      <Filter>Source Files</Filter>
    </ClCompile>
    <ClCompile Include="M:\sourcecode\flycast\core\deps\lzma\7zStream.c">
      <Filter>Source Files</Filter>
    </ClCompile>
    <ClCompile Include="M:\sourcecode\flycast\core\deps\lzma\Alloc.c">
      <Filter>Source Files</Filter>
    </ClCompile>
    <ClCompile Include="M:\sourcecode\flycast\core\deps\lzma\Bcj2.c">
      <Filter>Source Files</Filter>
    </ClCompile>
    <ClCompile Include="M:\sourcecode\flycast\core\deps\lzma\Bra86.c">
      <Filter>Source Files</Filter>
    </ClCompile>
    <ClCompile Include="M:\sourcecode\flycast\core\deps\lzma\Bra.c">
      <Filter>Source Files</Filter>
    </ClCompile>
    <ClCompile Include="M:\sourcecode\flycast\core\deps\lzma\BraIA64.c">
      <Filter>Source Files</Filter>
    </ClCompile>
    <ClCompile Include="M:\sourcecode\flycast\core\deps\lzma\CpuArch.c">
      <Filter>Source Files</Filter>
    </ClCompile>
    <ClCompile Include="M:\sourcecode\flycast\core\deps\lzma\Delta.c">
      <Filter>Source Files</Filter>
    </ClCompile>
    <ClCompile Include="M:\sourcecode\flycast\core\deps\lzma\LzFind.c">
      <Filter>Source Files</Filter>
    </ClCompile>
    <ClCompile Include="M:\sourcecode\flycast\core\deps\lzma\Lzma2Dec.c">
      <Filter>Source Files</Filter>
    </ClCompile>
    <ClCompile Include="M:\sourcecode\flycast\core\deps\lzma\Lzma86Dec.c">
      <Filter>Source Files</Filter>
    </ClCompile>
    <ClCompile Include="M:\sourcecode\flycast\core\deps\lzma\Lzma86Enc.c">
      <Filter>Source Files</Filter>
    </ClCompile>
    <ClCompile Include="M:\sourcecode\flycast\core\deps\lzma\LzmaDec.c">
      <Filter>Source Files</Filter>
    </ClCompile>
    <ClCompile Include="M:\sourcecode\flycast\core\deps\lzma\LzmaEnc.c">
      <Filter>Source Files</Filter>
    </ClCompile>
    <ClCompile Include="M:\sourcecode\flycast\core\deps\lzma\LzmaLib.c">
      <Filter>Source Files</Filter>
    </ClCompile>
    <ClCompile Include="M:\sourcecode\flycast\core\deps\lzma\Sort.c">
      <Filter>Source Files</Filter>
    </ClCompile>
    <ClCompile Include="M:\sourcecode\flycast\core\deps\libelf\elf32.cpp">
      <Filter>Source Files</Filter>
    </ClCompile>
    <ClCompile Include="M:\sourcecode\flycast\core\deps\libelf\elf64.cpp">
      <Filter>Source Files</Filter>
    </ClCompile>
    <ClCompile Include="M:\sourcecode\flycast\core\deps\libelf\elf.cpp">
      <Filter>Source Files</Filter>
    </ClCompile>
    <ClCompile Include="M:\sourcecode\flycast\core\deps\imgui\imgui.cpp">
      <Filter>Source Files</Filter>
    </ClCompile>
    <ClCompile Include="M:\sourcecode\flycast\core\deps\imgui\imgui_demo.cpp">
      <Filter>Source Files</Filter>
    </ClCompile>
    <ClCompile Include="M:\sourcecode\flycast\core\deps\imgui\imgui_draw.cpp">
      <Filter>Source Files</Filter>
    </ClCompile>
    <ClCompile Include="M:\sourcecode\flycast\core\deps\imgui\imgui_widgets.cpp">
      <Filter>Source Files</Filter>
    </ClCompile>
    <ClCompile Include="M:\sourcecode\flycast\core\deps\xbrz\xbrz.cpp">
      <Filter>Source Files</Filter>
    </ClCompile>
    <ClCompile Include="M:\sourcecode\flycast\core\deps\md5\md5.cpp">
      <Filter>Source Files</Filter>
    </ClCompile>
    <ClCompile Include="M:\sourcecode\flycast\core\archive\7zArchive.cpp">
      <Filter>Source Files</Filter>
    </ClCompile>
    <ClCompile Include="M:\sourcecode\flycast\core\archive\archive.cpp">
      <Filter>Source Files</Filter>
    </ClCompile>
    <ClCompile Include="M:\sourcecode\flycast\core\archive\rzip.cpp">
      <Filter>Source Files</Filter>
    </ClCompile>
    <ClCompile Include="M:\sourcecode\flycast\core\archive\ZipArchive.cpp">
      <Filter>Source Files</Filter>
    </ClCompile>
    <ClCompile Include="M:\sourcecode\flycast\core\cfg\cfg.cpp">
      <Filter>Source Files</Filter>
    </ClCompile>
    <ClCompile Include="M:\sourcecode\flycast\core\cfg\cl.cpp">
      <Filter>Source Files</Filter>
    </ClCompile>
    <ClCompile Include="M:\sourcecode\flycast\core\cfg\ini.cpp">
      <Filter>Source Files</Filter>
    </ClCompile>
    <ClCompile Include="M:\sourcecode\flycast\core\cfg\option.cpp">
      <Filter>Source Files</Filter>
    </ClCompile>
    <ClCompile Include="M:\sourcecode\flycast\core\hw\aica\aica.cpp">
      <Filter>Source Files</Filter>
    </ClCompile>
    <ClCompile Include="M:\sourcecode\flycast\core\hw\aica\aica_if.cpp">
      <Filter>Source Files</Filter>
    </ClCompile>
    <ClCompile Include="M:\sourcecode\flycast\core\hw\aica\aica_mem.cpp">
      <Filter>Source Files</Filter>
    </ClCompile>
    <ClCompile Include="M:\sourcecode\flycast\core\hw\aica\dsp.cpp">
      <Filter>Source Files</Filter>
    </ClCompile>
    <ClCompile Include="M:\sourcecode\flycast\core\hw\aica\dsp_arm32.cpp">
      <Filter>Source Files</Filter>
    </ClCompile>
    <ClCompile Include="M:\sourcecode\flycast\core\hw\aica\dsp_arm64.cpp">
      <Filter>Source Files</Filter>
    </ClCompile>
    <ClCompile Include="M:\sourcecode\flycast\core\hw\aica\dsp_interp.cpp">
      <Filter>Source Files</Filter>
    </ClCompile>
    <ClCompile Include="M:\sourcecode\flycast\core\hw\aica\dsp_x64.cpp">
      <Filter>Source Files</Filter>
    </ClCompile>
    <ClCompile Include="M:\sourcecode\flycast\core\hw\aica\dsp_x86.cpp">
      <Filter>Source Files</Filter>
    </ClCompile>
    <ClCompile Include="M:\sourcecode\flycast\core\hw\aica\sgc_if.cpp">
      <Filter>Source Files</Filter>
    </ClCompile>
    <ClCompile Include="M:\sourcecode\flycast\core\hw\arm7\arm7.cpp">
      <Filter>Source Files</Filter>
    </ClCompile>
    <ClCompile Include="M:\sourcecode\flycast\core\hw\arm7\arm_mem.cpp">
      <Filter>Source Files</Filter>
    </ClCompile>
    <ClCompile Include="M:\sourcecode\flycast\core\hw\arm7\arm7_rec_arm32.cpp">
      <Filter>Source Files</Filter>
    </ClCompile>
    <ClCompile Include="M:\sourcecode\flycast\core\hw\arm7\arm7_rec_arm64.cpp">
      <Filter>Source Files</Filter>
    </ClCompile>
    <ClCompile Include="M:\sourcecode\flycast\core\hw\arm7\arm7_rec_x64.cpp">
      <Filter>Source Files</Filter>
    </ClCompile>
    <ClCompile Include="M:\sourcecode\flycast\core\hw\arm7\arm7_rec.cpp">
      <Filter>Source Files</Filter>
    </ClCompile>
    <ClCompile Include="M:\sourcecode\flycast\core\hw\arm7\vbaARM.cpp">
      <Filter>Source Files</Filter>
    </ClCompile>
    <ClCompile Include="M:\sourcecode\flycast\core\hw\bba\bba.cpp">
      <Filter>Source Files</Filter>
    </ClCompile>
    <ClCompile Include="M:\sourcecode\flycast\core\hw\bba\rtl8139c.cpp">
      <Filter>Source Files</Filter>
    </ClCompile>
    <ClCompile Include="M:\sourcecode\flycast\core\hw\flashrom\flashrom.cpp">
      <Filter>Source Files</Filter>
    </ClCompile>
    <ClCompile Include="M:\sourcecode\flycast\core\hw\gdrom\gdrom_response.cpp">
      <Filter>Source Files</Filter>
    </ClCompile>
    <ClCompile Include="M:\sourcecode\flycast\core\hw\gdrom\gdromv3.cpp">
      <Filter>Source Files</Filter>
    </ClCompile>
    <ClCompile Include="M:\sourcecode\flycast\core\hw\holly\holly_intc.cpp">
      <Filter>Source Files</Filter>
    </ClCompile>
    <ClCompile Include="M:\sourcecode\flycast\core\hw\holly\sb.cpp">
      <Filter>Source Files</Filter>
    </ClCompile>
    <ClCompile Include="M:\sourcecode\flycast\core\hw\holly\sb_mem.cpp">
      <Filter>Source Files</Filter>
    </ClCompile>
    <ClCompile Include="M:\sourcecode\flycast\core\hw\maple\maple_cfg.cpp">
      <Filter>Source Files</Filter>
    </ClCompile>
    <ClCompile Include="M:\sourcecode\flycast\core\hw\maple\maple_devs.cpp">
      <Filter>Source Files</Filter>
    </ClCompile>
    <ClCompile Include="M:\sourcecode\flycast\core\hw\maple\maple_helper.cpp">
      <Filter>Source Files</Filter>
    </ClCompile>
    <ClCompile Include="M:\sourcecode\flycast\core\hw\maple\maple_if.cpp">
      <Filter>Source Files</Filter>
    </ClCompile>
    <ClCompile Include="M:\sourcecode\flycast\core\hw\maple\maple_jvs.cpp">
      <Filter>Source Files</Filter>
    </ClCompile>
    <ClCompile Include="M:\sourcecode\flycast\core\hw\mem\_vmem.cpp">
      <Filter>Source Files</Filter>
    </ClCompile>
    <ClCompile Include="M:\sourcecode\flycast\core\hw\mem\mem_watch.cpp">
      <Filter>Source Files</Filter>
    </ClCompile>
    <ClCompile Include="M:\sourcecode\flycast\core\hw\modem\modem.cpp">
      <Filter>Source Files</Filter>
    </ClCompile>
    <ClCompile Include="M:\sourcecode\flycast\core\hw\naomi\awcartridge.cpp">
      <Filter>Source Files</Filter>
    </ClCompile>
    <ClCompile Include="M:\sourcecode\flycast\core\hw\naomi\decrypt.cpp">
      <Filter>Source Files</Filter>
    </ClCompile>
    <ClCompile Include="M:\sourcecode\flycast\core\hw\naomi\gdcartridge.cpp">
      <Filter>Source Files</Filter>
    </ClCompile>
    <ClCompile Include="M:\sourcecode\flycast\core\hw\naomi\m1cartridge.cpp">
      <Filter>Source Files</Filter>
    </ClCompile>
    <ClCompile Include="M:\sourcecode\flycast\core\hw\naomi\m4cartridge.cpp">
      <Filter>Source Files</Filter>
    </ClCompile>
    <ClCompile Include="M:\sourcecode\flycast\core\hw\naomi\naomi_cart.cpp">
      <Filter>Source Files</Filter>
    </ClCompile>
    <ClCompile Include="M:\sourcecode\flycast\core\hw\naomi\naomi_flashrom.cpp">
      <Filter>Source Files</Filter>
    </ClCompile>
    <ClCompile Include="M:\sourcecode\flycast\core\hw\naomi\naomi_m3comm.cpp">
      <Filter>Source Files</Filter>
    </ClCompile>
    <ClCompile Include="M:\sourcecode\flycast\core\hw\naomi\naomi.cpp">
      <Filter>Source Files</Filter>
    </ClCompile>
    <ClCompile Include="M:\sourcecode\flycast\core\hw\naomi\naomi_roms.cpp">
      <Filter>Source Files</Filter>
    </ClCompile>
    <ClCompile Include="M:\sourcecode\flycast\core\hw\pvr\pvr.cpp">
      <Filter>Source Files</Filter>
    </ClCompile>
    <ClCompile Include="M:\sourcecode\flycast\core\hw\pvr\pvr_mem.cpp">
      <Filter>Source Files</Filter>
    </ClCompile>
    <ClCompile Include="M:\sourcecode\flycast\core\hw\pvr\pvr_regs.cpp">
      <Filter>Source Files</Filter>
    </ClCompile>
    <ClCompile Include="M:\sourcecode\flycast\core\hw\pvr\pvr_sb_regs.cpp">
      <Filter>Source Files</Filter>
    </ClCompile>
    <ClCompile Include="M:\sourcecode\flycast\core\hw\pvr\Renderer_if.cpp">
      <Filter>Source Files</Filter>
    </ClCompile>
    <ClCompile Include="M:\sourcecode\flycast\core\hw\pvr\spg.cpp">
      <Filter>Source Files</Filter>
    </ClCompile>
    <ClCompile Include="M:\sourcecode\flycast\core\hw\pvr\ta.cpp">
      <Filter>Source Files</Filter>
    </ClCompile>
    <ClCompile Include="M:\sourcecode\flycast\core\hw\pvr\ta_ctx.cpp">
      <Filter>Source Files</Filter>
    </ClCompile>
    <ClCompile Include="M:\sourcecode\flycast\core\hw\pvr\ta_vtx.cpp">
      <Filter>Source Files</Filter>
    </ClCompile>
    <ClCompile Include="M:\sourcecode\flycast\core\hw\sh4\dyna\blockmanager.cpp">
      <Filter>Source Files</Filter>
    </ClCompile>
    <ClCompile Include="M:\sourcecode\flycast\core\hw\sh4\dyna\decoder.cpp">
      <Filter>Source Files</Filter>
    </ClCompile>
    <ClCompile Include="M:\sourcecode\flycast\core\hw\sh4\dyna\driver.cpp">
      <Filter>Source Files</Filter>
    </ClCompile>
    <ClCompile Include="M:\sourcecode\flycast\core\hw\sh4\dyna\shil.cpp">
      <Filter>Source Files</Filter>
    </ClCompile>
    <ClCompile Include="M:\sourcecode\flycast\core\hw\sh4\dyna\ssa.cpp">
      <Filter>Source Files</Filter>
    </ClCompile>
    <ClCompile Include="M:\sourcecode\flycast\core\hw\sh4\interpr\sh4_fpu.cpp">
      <Filter>Source Files</Filter>
    </ClCompile>
    <ClCompile Include="M:\sourcecode\flycast\core\hw\sh4\interpr\sh4_interpreter.cpp">
      <Filter>Source Files</Filter>
    </ClCompile>
    <ClCompile Include="M:\sourcecode\flycast\core\hw\sh4\interpr\sh4_opcodes.cpp">
      <Filter>Source Files</Filter>
    </ClCompile>
    <ClCompile Include="M:\sourcecode\flycast\core\hw\sh4\modules\bsc.cpp">
      <Filter>Source Files</Filter>
    </ClCompile>
    <ClCompile Include="M:\sourcecode\flycast\core\hw\sh4\modules\ccn.cpp">
      <Filter>Source Files</Filter>
    </ClCompile>
    <ClCompile Include="M:\sourcecode\flycast\core\hw\sh4\modules\cpg.cpp">
      <Filter>Source Files</Filter>
    </ClCompile>
    <ClCompile Include="M:\sourcecode\flycast\core\hw\sh4\modules\dmac.cpp">
      <Filter>Source Files</Filter>
    </ClCompile>
    <ClCompile Include="M:\sourcecode\flycast\core\hw\sh4\modules\fastmmu.cpp">
      <Filter>Source Files</Filter>
    </ClCompile>
    <ClCompile Include="M:\sourcecode\flycast\core\hw\sh4\modules\intc.cpp">
      <Filter>Source Files</Filter>
    </ClCompile>
    <ClCompile Include="M:\sourcecode\flycast\core\hw\sh4\modules\mmu.cpp">
      <Filter>Source Files</Filter>
    </ClCompile>
    <ClCompile Include="M:\sourcecode\flycast\core\hw\sh4\modules\rtc.cpp">
      <Filter>Source Files</Filter>
    </ClCompile>
    <ClCompile Include="M:\sourcecode\flycast\core\hw\sh4\modules\serial.cpp">
      <Filter>Source Files</Filter>
    </ClCompile>
    <ClCompile Include="M:\sourcecode\flycast\core\hw\sh4\modules\tmu.cpp">
      <Filter>Source Files</Filter>
    </ClCompile>
    <ClCompile Include="M:\sourcecode\flycast\core\hw\sh4\modules\ubc.cpp">
      <Filter>Source Files</Filter>
    </ClCompile>
    <ClCompile Include="M:\sourcecode\flycast\core\hw\sh4\sh4_core_regs.cpp">
      <Filter>Source Files</Filter>
    </ClCompile>
    <ClCompile Include="M:\sourcecode\flycast\core\hw\sh4\sh4_interrupts.cpp">
      <Filter>Source Files</Filter>
    </ClCompile>
    <ClCompile Include="M:\sourcecode\flycast\core\hw\sh4\sh4_mem.cpp">
      <Filter>Source Files</Filter>
    </ClCompile>
    <ClCompile Include="M:\sourcecode\flycast\core\hw\sh4\sh4_mmr.cpp">
      <Filter>Source Files</Filter>
    </ClCompile>
    <ClCompile Include="M:\sourcecode\flycast\core\hw\sh4\sh4_opcode_list.cpp">
      <Filter>Source Files</Filter>
    </ClCompile>
    <ClCompile Include="M:\sourcecode\flycast\core\hw\sh4\sh4_rom.cpp">
      <Filter>Source Files</Filter>
    </ClCompile>
    <ClCompile Include="M:\sourcecode\flycast\core\hw\sh4\sh4_sched.cpp">
      <Filter>Source Files</Filter>
    </ClCompile>
    <ClCompile Include="M:\sourcecode\flycast\core\imgread\cdi.cpp">
      <Filter>Source Files</Filter>
    </ClCompile>
    <ClCompile Include="M:\sourcecode\flycast\core\imgread\chd.cpp">
      <Filter>Source Files</Filter>
    </ClCompile>
    <ClCompile Include="M:\sourcecode\flycast\core\imgread\common.cpp">
      <Filter>Source Files</Filter>
    </ClCompile>
    <ClCompile Include="M:\sourcecode\flycast\core\imgread\cue.cpp">
      <Filter>Source Files</Filter>
    </ClCompile>
    <ClCompile Include="M:\sourcecode\flycast\core\imgread\gdi.cpp">
      <Filter>Source Files</Filter>
    </ClCompile>
    <ClCompile Include="M:\sourcecode\flycast\core\imgread\ImgReader.cpp">
      <Filter>Source Files</Filter>
    </ClCompile>
    <ClCompile Include="M:\sourcecode\flycast\core\imgread\ioctl.cpp">
      <Filter>Source Files</Filter>
    </ClCompile>
    <ClCompile Include="M:\sourcecode\flycast\core\input\gamepad_device.cpp">
      <Filter>Source Files</Filter>
    </ClCompile>
    <ClCompile Include="M:\sourcecode\flycast\core\input\mapping.cpp">
      <Filter>Source Files</Filter>
    </ClCompile>
    <ClCompile Include="M:\sourcecode\flycast\core\input\mouse.cpp">
      <Filter>Source Files</Filter>
    </ClCompile>
    <ClCompile Include="M:\sourcecode\flycast\core\windows\fault_handler.cpp">
      <Filter>Source Files</Filter>
    </ClCompile>
    <ClCompile Include="M:\sourcecode\flycast\core\windows\unwind_info.cpp">
      <Filter>Source Files</Filter>
    </ClCompile>
    <ClCompile Include="M:\sourcecode\flycast\core\windows\win_vmem.cpp">
      <Filter>Source Files</Filter>
    </ClCompile>
    <ClCompile Include="M:\sourcecode\flycast\core\linux-dist\dispmanx.cpp">
      <Filter>Source Files</Filter>
    </ClCompile>
    <ClCompile Include="M:\sourcecode\flycast\core\linux-dist\evdev.cpp">
      <Filter>Source Files</Filter>
    </ClCompile>
    <ClCompile Include="M:\sourcecode\flycast\core\linux-dist\x11.cpp">
      <Filter>Source Files</Filter>
    </ClCompile>
    <ClCompile Include="M:\sourcecode\flycast\core\log\ConsoleListenerDroid.cpp">
      <Filter>Source Files</Filter>
    </ClCompile>
    <ClCompile Include="M:\sourcecode\flycast\core\log\ConsoleListenerNix.cpp">
      <Filter>Source Files</Filter>
    </ClCompile>
    <ClCompile Include="M:\sourcecode\flycast\core\log\ConsoleListenerWin.cpp">
      <Filter>Source Files</Filter>
    </ClCompile>
    <ClCompile Include="M:\sourcecode\flycast\core\log\LogManager.cpp">
      <Filter>Source Files</Filter>
    </ClCompile>
    <ClCompile Include="M:\sourcecode\flycast\core\network\dns.cpp">
      <Filter>Source Files</Filter>
    </ClCompile>
    <ClCompile Include="M:\sourcecode\flycast\core\network\ggpo.cpp">
      <Filter>Source Files</Filter>
    </ClCompile>
    <ClCompile Include="M:\sourcecode\flycast\core\network\miniupnp.cpp">
      <Filter>Source Files</Filter>
    </ClCompile>
    <ClCompile Include="M:\sourcecode\flycast\core\network\naomi_network.cpp">
      <Filter>Source Files</Filter>
    </ClCompile>
    <ClCompile Include="M:\sourcecode\flycast\core\network\net_handshake.cpp">
      <Filter>Source Files</Filter>
    </ClCompile>
    <ClCompile Include="M:\sourcecode\flycast\core\network\picoppp.cpp">
      <Filter>Source Files</Filter>
    </ClCompile>
    <ClCompile Include="M:\sourcecode\flycast\core\oslib\audiobackend_alsa.cpp">
      <Filter>Source Files</Filter>
    </ClCompile>
    <ClCompile Include="M:\sourcecode\flycast\core\oslib\audiobackend_coreaudio.cpp">
      <Filter>Source Files</Filter>
    </ClCompile>
    <ClCompile Include="M:\sourcecode\flycast\core\oslib\audiobackend_directsound.cpp">
      <Filter>Source Files</Filter>
    </ClCompile>
    <ClCompile Include="M:\sourcecode\flycast\core\oslib\audiobackend_libao.cpp">
      <Filter>Source Files</Filter>
    </ClCompile>
    <ClCompile Include="M:\sourcecode\flycast\core\oslib\audiobackend_null.cpp">
      <Filter>Source Files</Filter>
    </ClCompile>
    <ClCompile Include="M:\sourcecode\flycast\core\oslib\audiobackend_oboe.cpp">
      <Filter>Source Files</Filter>
    </ClCompile>
    <ClCompile Include="M:\sourcecode\flycast\core\oslib\audiobackend_omx.cpp">
      <Filter>Source Files</Filter>
    </ClCompile>
    <ClCompile Include="M:\sourcecode\flycast\core\oslib\audiobackend_oss.cpp">
      <Filter>Source Files</Filter>
    </ClCompile>
    <ClCompile Include="M:\sourcecode\flycast\core\oslib\audiobackend_pulseaudio.cpp">
      <Filter>Source Files</Filter>
    </ClCompile>
    <ClCompile Include="M:\sourcecode\flycast\core\oslib\audiobackend_sdl2.cpp">
      <Filter>Source Files</Filter>
    </ClCompile>
    <ClCompile Include="M:\sourcecode\flycast\core\oslib\audiostream.cpp">
      <Filter>Source Files</Filter>
    </ClCompile>
    <ClCompile Include="M:\sourcecode\flycast\core\oslib\oslib.cpp">
      <Filter>Source Files</Filter>
    </ClCompile>
    <ClCompile Include="M:\sourcecode\flycast\core\lua\lua.cpp">
      <Filter>Source Files</Filter>
    </ClCompile>
    <ClCompile Include="M:\sourcecode\flycast\core\profiler\profiler.cpp">
      <Filter>Source Files</Filter>
    </ClCompile>
    <ClCompile Include="M:\sourcecode\flycast\core\rec-cpp\rec_cpp.cpp">
      <Filter>Source Files</Filter>
    </ClCompile>
    <ClCompile Include="M:\sourcecode\flycast\core\reios\descrambl.cpp">
      <Filter>Source Files</Filter>
    </ClCompile>
    <ClCompile Include="M:\sourcecode\flycast\core\reios\gdrom_hle.cpp">
      <Filter>Source Files</Filter>
    </ClCompile>
    <ClCompile Include="M:\sourcecode\flycast\core\reios\reios.cpp">
      <Filter>Source Files</Filter>
    </ClCompile>
    <ClCompile Include="M:\sourcecode\flycast\core\reios\reios_elf.cpp">
      <Filter>Source Files</Filter>
    </ClCompile>
    <ClCompile Include="M:\sourcecode\flycast\core\wsi\libretro.cpp">
      <Filter>Source Files</Filter>
    </ClCompile>
    <ClCompile Include="M:\sourcecode\flycast\core\wsi\switcher.cpp">
      <Filter>Source Files</Filter>
    </ClCompile>
    <ClCompile Include="M:\sourcecode\flycast\core\wsi\egl.cpp">
      <Filter>Source Files</Filter>
    </ClCompile>
    <ClCompile Include="M:\sourcecode\flycast\core\wsi\gl_context.cpp">
      <Filter>Source Files</Filter>
    </ClCompile>
    <ClCompile Include="M:\sourcecode\flycast\core\wsi\osx.cpp">
      <Filter>Source Files</Filter>
    </ClCompile>
    <ClCompile Include="M:\sourcecode\flycast\core\wsi\sdl.cpp">
      <Filter>Source Files</Filter>
    </ClCompile>
    <ClCompile Include="M:\sourcecode\flycast\core\wsi\wgl.cpp">
      <Filter>Source Files</Filter>
    </ClCompile>
    <ClCompile Include="M:\sourcecode\flycast\core\wsi\xgl.cpp">
      <Filter>Source Files</Filter>
    </ClCompile>
    <ClCompile Include="M:\sourcecode\flycast\core\wsi\gl32funcs.c">
      <Filter>Source Files</Filter>
    </ClCompile>
    <ClCompile Include="M:\sourcecode\flycast\core\wsi\gl4funcs.cpp">
      <Filter>Source Files</Filter>
    </ClCompile>
    <ClCompile Include="M:\sourcecode\flycast\core\rend\gles\gldraw.cpp">
      <Filter>Source Files</Filter>
    </ClCompile>
    <ClCompile Include="M:\sourcecode\flycast\core\rend\gles\gles.cpp">
      <Filter>Source Files</Filter>
    </ClCompile>
    <ClCompile Include="M:\sourcecode\flycast\core\rend\gles\gltex.cpp">
      <Filter>Source Files</Filter>
    </ClCompile>
    <ClCompile Include="M:\sourcecode\flycast\core\rend\gles\quad.cpp">
      <Filter>Source Files</Filter>
    </ClCompile>
    <ClCompile Include="M:\sourcecode\flycast\core\rend\gles\postprocess.cpp">
      <Filter>Source Files</Filter>
    </ClCompile>
    <ClCompile Include="M:\sourcecode\flycast\core\rend\gles\imgui_impl_opengl3.cpp">
      <Filter>Source Files</Filter>
    </ClCompile>
    <ClCompile Include="M:\sourcecode\flycast\core\rend\gles\opengl_driver.cpp">
      <Filter>Source Files</Filter>
    </ClCompile>
    <ClCompile Include="M:\sourcecode\flycast\core\rend\gl4\abuffer.cpp">
      <Filter>Source Files</Filter>
    </ClCompile>
    <ClCompile Include="M:\sourcecode\flycast\core\rend\gl4\gldraw.cpp">
      <Filter>Source Files</Filter>
    </ClCompile>
    <ClCompile Include="M:\sourcecode\flycast\core\rend\gl4\gles.cpp">
      <Filter>Source Files</Filter>
    </ClCompile>
    <ClCompile Include="M:\sourcecode\flycast\core\cheats.cpp">
      <Filter>Source Files</Filter>
    </ClCompile>
    <ClCompile Include="M:\sourcecode\flycast\core\nullDC.cpp">
      <Filter>Source Files</Filter>
    </ClCompile>
    <ClCompile Include="M:\sourcecode\flycast\core\serialize.cpp">
      <Filter>Source Files</Filter>
    </ClCompile>
    <ClCompile Include="M:\sourcecode\flycast\core\stdclass.cpp">
      <Filter>Source Files</Filter>
    </ClCompile>
    <ClCompile Include="M:\sourcecode\flycast\core\rend\CustomTexture.cpp">
      <Filter>Source Files</Filter>
    </ClCompile>
    <ClCompile Include="M:\sourcecode\flycast\core\rend\osd.cpp">
      <Filter>Source Files</Filter>
    </ClCompile>
    <ClCompile Include="M:\sourcecode\flycast\core\rend\sorter.cpp">
      <Filter>Source Files</Filter>
    </ClCompile>
    <ClCompile Include="M:\sourcecode\flycast\core\rend\TexCache.cpp">
      <Filter>Source Files</Filter>
    </ClCompile>
    <ClCompile Include="M:\sourcecode\flycast\core\rend\gui.cpp">
      <Filter>Source Files</Filter>
    </ClCompile>
    <ClCompile Include="M:\sourcecode\flycast\core\rend\gui_android.cpp">
      <Filter>Source Files</Filter>
    </ClCompile>
    <ClCompile Include="M:\sourcecode\flycast\core\rend\gui_cheats.cpp">
      <Filter>Source Files</Filter>
    </ClCompile>
    <ClCompile Include="M:\sourcecode\flycast\core\rend\gui_util.cpp">
      <Filter>Source Files</Filter>
    </ClCompile>
    <ClCompile Include="M:\sourcecode\flycast\core\rend\mainui.cpp">
      <Filter>Source Files</Filter>
    </ClCompile>
    <ClCompile Include="M:\sourcecode\flycast\core\rend\vulkan\oit\oit_drawer.cpp">
      <Filter>Source Files</Filter>
    </ClCompile>
    <ClCompile Include="M:\sourcecode\flycast\core\rend\vulkan\oit\oit_pipeline.cpp">
      <Filter>Source Files</Filter>
    </ClCompile>
    <ClCompile Include="M:\sourcecode\flycast\core\rend\vulkan\oit\oit_renderer.cpp">
      <Filter>Source Files</Filter>
    </ClCompile>
    <ClCompile Include="M:\sourcecode\flycast\core\rend\vulkan\oit\oit_renderpass.cpp">
      <Filter>Source Files</Filter>
    </ClCompile>
    <ClCompile Include="M:\sourcecode\flycast\core\rend\vulkan\oit\oit_shaders.cpp">
      <Filter>Source Files</Filter>
    </ClCompile>
    <ClCompile Include="M:\sourcecode\flycast\core\rend\vulkan\buffer.cpp">
      <Filter>Source Files</Filter>
    </ClCompile>
    <ClCompile Include="M:\sourcecode\flycast\core\rend\vulkan\compiler.cpp">
      <Filter>Source Files</Filter>
    </ClCompile>
    <ClCompile Include="M:\sourcecode\flycast\core\rend\vulkan\drawer.cpp">
      <Filter>Source Files</Filter>
    </ClCompile>
    <ClCompile Include="M:\sourcecode\flycast\core\rend\vulkan\pipeline.cpp">
      <Filter>Source Files</Filter>
    </ClCompile>
    <ClCompile Include="M:\sourcecode\flycast\core\rend\vulkan\quad.cpp">
      <Filter>Source Files</Filter>
    </ClCompile>
    <ClCompile Include="M:\sourcecode\flycast\core\rend\vulkan\shaders.cpp">
      <Filter>Source Files</Filter>
    </ClCompile>
    <ClCompile Include="M:\sourcecode\flycast\core\rend\vulkan\texture.cpp">
      <Filter>Source Files</Filter>
    </ClCompile>
    <ClCompile Include="M:\sourcecode\flycast\core\rend\vulkan\vmallocator.cpp">
      <Filter>Source Files</Filter>
    </ClCompile>
    <ClCompile Include="M:\sourcecode\flycast\core\rend\vulkan\overlay.cpp">
      <Filter>Source Files</Filter>
    </ClCompile>
    <ClCompile Include="M:\sourcecode\flycast\core\rend\vulkan\vulkan_renderer.cpp">
      <Filter>Source Files</Filter>
    </ClCompile>
    <ClCompile Include="M:\sourcecode\flycast\core\rend\vulkan\vulkan_context.cpp">
      <Filter>Source Files</Filter>
    </ClCompile>
    <ClCompile Include="M:\sourcecode\flycast\core\rend\vulkan\imgui_impl_vulkan.cpp">
      <Filter>Source Files</Filter>
    </ClCompile>
    <ClCompile Include="M:\sourcecode\flycast\core\rend\dx11\imgui_impl_dx11.cpp">
      <Filter>Source Files</Filter>
    </ClCompile>
    <ClCompile Include="M:\sourcecode\flycast\core\rend\dx11\dx11_overlay.cpp">
      <Filter>Source Files</Filter>
    </ClCompile>
    <ClCompile Include="M:\sourcecode\flycast\core\rend\dx11\dx11_renderer.cpp">
      <Filter>Source Files</Filter>
    </ClCompile>
    <ClCompile Include="M:\sourcecode\flycast\core\rend\dx11\dx11_renderstate.cpp">
      <Filter>Source Files</Filter>
    </ClCompile>
    <ClCompile Include="M:\sourcecode\flycast\core\rend\dx11\dx11_shaders.cpp">
      <Filter>Source Files</Filter>
    </ClCompile>
    <ClCompile Include="M:\sourcecode\flycast\core\rend\dx11\dx11_texture.cpp">
      <Filter>Source Files</Filter>
    </ClCompile>
    <ClCompile Include="M:\sourcecode\flycast\core\rend\dx11\dx11context.cpp">
      <Filter>Source Files</Filter>
    </ClCompile>
    <ClCompile Include="M:\sourcecode\flycast\core\rend\dx11\dx11context_lr.cpp">
      <Filter>Source Files</Filter>
    </ClCompile>
    <ClCompile Include="M:\sourcecode\flycast\core\rend\dx11\oit\dx11_oitrenderer.cpp">
      <Filter>Source Files</Filter>
    </ClCompile>
    <ClCompile Include="M:\sourcecode\flycast\core\rend\dx11\oit\dx11_oitshaders.cpp">
      <Filter>Source Files</Filter>
    </ClCompile>
    <ClCompile Include="M:\sourcecode\flycast\core\rec-x64\rec_x64.cpp">
      <Filter>Source Files</Filter>
    </ClCompile>
    <ClCompile Include="M:\sourcecode\flycast\core\deps\ggpo\lib\ggpo\bitvector.cpp">
      <Filter>Source Files</Filter>
    </ClCompile>
    <ClCompile Include="M:\sourcecode\flycast\core\deps\ggpo\lib\ggpo\game_input.cpp">
      <Filter>Source Files</Filter>
    </ClCompile>
    <ClCompile Include="M:\sourcecode\flycast\core\deps\ggpo\lib\ggpo\input_queue.cpp">
      <Filter>Source Files</Filter>
    </ClCompile>
    <ClCompile Include="M:\sourcecode\flycast\core\deps\ggpo\lib\ggpo\log.cpp">
      <Filter>Source Files</Filter>
    </ClCompile>
    <ClCompile Include="M:\sourcecode\flycast\core\deps\ggpo\lib\ggpo\main.cpp">
      <Filter>Source Files</Filter>
    </ClCompile>
    <ClCompile Include="M:\sourcecode\flycast\core\deps\ggpo\lib\ggpo\platform_linux.cpp">
      <Filter>Source Files</Filter>
    </ClCompile>
    <ClCompile Include="M:\sourcecode\flycast\core\deps\ggpo\lib\ggpo\platform_windows.cpp">
      <Filter>Source Files</Filter>
    </ClCompile>
    <ClCompile Include="M:\sourcecode\flycast\core\deps\ggpo\lib\ggpo\poll.cpp">
      <Filter>Source Files</Filter>
    </ClCompile>
    <ClCompile Include="M:\sourcecode\flycast\core\deps\ggpo\lib\ggpo\sync.cpp">
      <Filter>Source Files</Filter>
    </ClCompile>
    <ClCompile Include="M:\sourcecode\flycast\core\deps\ggpo\lib\ggpo\timesync.cpp">
      <Filter>Source Files</Filter>
    </ClCompile>
    <ClCompile Include="M:\sourcecode\flycast\core\deps\ggpo\lib\ggpo\backends\p2p.cpp">
      <Filter>Source Files</Filter>
    </ClCompile>
    <ClCompile Include="M:\sourcecode\flycast\core\deps\ggpo\lib\ggpo\backends\spectator.cpp">
      <Filter>Source Files</Filter>
    </ClCompile>
    <ClCompile Include="M:\sourcecode\flycast\core\deps\ggpo\lib\ggpo\backends\synctest.cpp">
      <Filter>Source Files</Filter>
    </ClCompile>
    <ClCompile Include="M:\sourcecode\flycast\core\deps\ggpo\lib\ggpo\network\udp_proto.cpp">
      <Filter>Source Files</Filter>
    </ClCompile>
    <ClCompile Include="M:\sourcecode\flycast\core\deps\ggpo\lib\ggpo\network\udp.cpp">
      <Filter>Source Files</Filter>
    </ClCompile>
    <ClCompile Include="M:\sourcecode\flycast\core\windows\rawinput.cpp">
      <Filter>Source Files</Filter>
    </ClCompile>
    <ClCompile Include="M:\sourcecode\flycast\core\windows\winmain.cpp">
      <Filter>Source Files</Filter>
    </ClCompile>
  </ItemGroup>
  <ItemGroup>
    <ClInclude Include="M:\sourcecode\flycast\core\sdl\sdl.h">
      <Filter>Header Files</Filter>
    </ClInclude>
    <ClInclude Include="M:\sourcecode\flycast\core\sdl\sdl_gamepad.h">
      <Filter>Header Files</Filter>
    </ClInclude>
    <ClInclude Include="M:\sourcecode\flycast\core\sdl\sdl_keyboard.h">
      <Filter>Header Files</Filter>
    </ClInclude>
    <ClInclude Include="M:\sourcecode\flycast\core\deps\chdpsr\cdipsr.h">
      <Filter>Header Files</Filter>
    </ClInclude>
    <ClInclude Include="M:\sourcecode\flycast\core\deps\picotcp\include\arch\pico_arm9.h">
      <Filter>Header Files</Filter>
    </ClInclude>
    <ClInclude Include="M:\sourcecode\flycast\core\deps\picotcp\include\arch\pico_atsamd21j18.h">
      <Filter>Header Files</Filter>
    </ClInclude>
    <ClInclude Include="M:\sourcecode\flycast\core\deps\picotcp\include\arch\pico_avr.h">
      <Filter>Header Files</Filter>
    </ClInclude>
    <ClInclude Include="M:\sourcecode\flycast\core\deps\picotcp\include\arch\pico_cortex_m.h">
      <Filter>Header Files</Filter>
    </ClInclude>
    <ClInclude Include="M:\sourcecode\flycast\core\deps\picotcp\include\arch\pico_dos.h">
      <Filter>Header Files</Filter>
    </ClInclude>
    <ClInclude Include="M:\sourcecode\flycast\core\deps\picotcp\include\arch\pico_esp8266.h">
      <Filter>Header Files</Filter>
    </ClInclude>
    <ClInclude Include="M:\sourcecode\flycast\core\deps\picotcp\include\arch\pico_generic_gcc.h">
      <Filter>Header Files</Filter>
    </ClInclude>
    <ClInclude Include="M:\sourcecode\flycast\core\deps\picotcp\include\arch\pico_linux.h">
      <Filter>Header Files</Filter>
    </ClInclude>
    <ClInclude Include="M:\sourcecode\flycast\core\deps\picotcp\include\arch\pico_mbed.h">
      <Filter>Header Files</Filter>
    </ClInclude>
    <ClInclude Include="M:\sourcecode\flycast\core\deps\picotcp\include\arch\pico_msp430.h">
      <Filter>Header Files</Filter>
    </ClInclude>
    <ClInclude Include="M:\sourcecode\flycast\core\deps\picotcp\include\arch\pico_msvc.h">
      <Filter>Header Files</Filter>
    </ClInclude>
    <ClInclude Include="M:\sourcecode\flycast\core\deps\picotcp\include\arch\pico_none.h">
      <Filter>Header Files</Filter>
    </ClInclude>
    <ClInclude Include="M:\sourcecode\flycast\core\deps\picotcp\include\arch\pico_pic24.h">
      <Filter>Header Files</Filter>
    </ClInclude>
    <ClInclude Include="M:\sourcecode\flycast\core\deps\picotcp\include\arch\pico_pic32.h">
      <Filter>Header Files</Filter>
    </ClInclude>
    <ClInclude Include="M:\sourcecode\flycast\core\deps\picotcp\include\arch\pico_posix.h">
      <Filter>Header Files</Filter>
    </ClInclude>
    <ClInclude Include="M:\sourcecode\flycast\core\deps\picotcp\include\heap.h">
      <Filter>Header Files</Filter>
    </ClInclude>
    <ClInclude Include="M:\sourcecode\flycast\core\deps\picotcp\include\pico_addressing.h">
      <Filter>Header Files</Filter>
    </ClInclude>
    <ClInclude Include="M:\sourcecode\flycast\core\deps\picotcp\include\pico_config.h">
      <Filter>Header Files</Filter>
    </ClInclude>
    <ClInclude Include="M:\sourcecode\flycast\core\deps\picotcp\include\pico_constants.h">
      <Filter>Header Files</Filter>
    </ClInclude>
    <ClInclude Include="M:\sourcecode\flycast\core\deps\picotcp\include\pico_defines.h">
      <Filter>Header Files</Filter>
    </ClInclude>
    <ClInclude Include="M:\sourcecode\flycast\core\deps\picotcp\include\pico_defines_msvc.h">
      <Filter>Header Files</Filter>
    </ClInclude>
    <ClInclude Include="M:\sourcecode\flycast\core\deps\picotcp\include\pico_device.h">
      <Filter>Header Files</Filter>
    </ClInclude>
    <ClInclude Include="M:\sourcecode\flycast\core\deps\picotcp\include\pico_eth.h">
      <Filter>Header Files</Filter>
    </ClInclude>
    <ClInclude Include="M:\sourcecode\flycast\core\deps\picotcp\include\pico_frame.h">
      <Filter>Header Files</Filter>
    </ClInclude>
    <ClInclude Include="M:\sourcecode\flycast\core\deps\picotcp\include\pico_md5.h">
      <Filter>Header Files</Filter>
    </ClInclude>
    <ClInclude Include="M:\sourcecode\flycast\core\deps\picotcp\include\pico_module_eth.h">
      <Filter>Header Files</Filter>
    </ClInclude>
    <ClInclude Include="M:\sourcecode\flycast\core\deps\picotcp\include\pico_protocol.h">
      <Filter>Header Files</Filter>
    </ClInclude>
    <ClInclude Include="M:\sourcecode\flycast\core\deps\picotcp\include\pico_queue.h">
      <Filter>Header Files</Filter>
    </ClInclude>
    <ClInclude Include="M:\sourcecode\flycast\core\deps\picotcp\include\pico_socket.h">
      <Filter>Header Files</Filter>
    </ClInclude>
    <ClInclude Include="M:\sourcecode\flycast\core\deps\picotcp\include\pico_socket_multicast.h">
      <Filter>Header Files</Filter>
    </ClInclude>
    <ClInclude Include="M:\sourcecode\flycast\core\deps\picotcp\include\pico_stack.h">
      <Filter>Header Files</Filter>
    </ClInclude>
    <ClInclude Include="M:\sourcecode\flycast\core\deps\picotcp\include\pico_tree.h">
      <Filter>Header Files</Filter>
    </ClInclude>
    <ClInclude Include="M:\sourcecode\flycast\core\deps\picotcp\modules\pico_dhcp_common.h">
      <Filter>Header Files</Filter>
    </ClInclude>
    <ClInclude Include="M:\sourcecode\flycast\core\deps\picotcp\modules\pico_dhcp_server.h">
      <Filter>Header Files</Filter>
    </ClInclude>
    <ClInclude Include="M:\sourcecode\flycast\core\archive\7zArchive.h">
      <Filter>Header Files</Filter>
    </ClInclude>
    <ClInclude Include="M:\sourcecode\flycast\core\archive\archive.h">
      <Filter>Header Files</Filter>
    </ClInclude>
    <ClInclude Include="M:\sourcecode\flycast\core\archive\rzip.h">
      <Filter>Header Files</Filter>
    </ClInclude>
    <ClInclude Include="M:\sourcecode\flycast\core\archive\ZipArchive.h">
      <Filter>Header Files</Filter>
    </ClInclude>
    <ClInclude Include="M:\sourcecode\flycast\core\cfg\option.h">
      <Filter>Header Files</Filter>
    </ClInclude>
    <ClInclude Include="M:\sourcecode\flycast\core\cfg\cfg.h">
      <Filter>Header Files</Filter>
    </ClInclude>
    <ClInclude Include="M:\sourcecode\flycast\core\cfg\ini.h">
      <Filter>Header Files</Filter>
    </ClInclude>
    <ClInclude Include="M:\sourcecode\flycast\core\hw\aica\aica.h">
      <Filter>Header Files</Filter>
    </ClInclude>
    <ClInclude Include="M:\sourcecode\flycast\core\hw\aica\aica_if.h">
      <Filter>Header Files</Filter>
    </ClInclude>
    <ClInclude Include="M:\sourcecode\flycast\core\hw\aica\aica_mem.h">
      <Filter>Header Files</Filter>
    </ClInclude>
    <ClInclude Include="M:\sourcecode\flycast\core\hw\aica\dsp.h">
      <Filter>Header Files</Filter>
    </ClInclude>
    <ClInclude Include="M:\sourcecode\flycast\core\hw\aica\sgc_if.h">
      <Filter>Header Files</Filter>
    </ClInclude>
    <ClInclude Include="M:\sourcecode\flycast\core\hw\arm7\arm7.h">
      <Filter>Header Files</Filter>
    </ClInclude>
    <ClInclude Include="M:\sourcecode\flycast\core\hw\arm7\arm_mem.h">
      <Filter>Header Files</Filter>
    </ClInclude>
    <ClInclude Include="M:\sourcecode\flycast\core\hw\arm7\arm7_rec.h">
      <Filter>Header Files</Filter>
    </ClInclude>
    <ClInclude Include="M:\sourcecode\flycast\core\hw\arm7\arm-new.h">
      <Filter>Header Files</Filter>
    </ClInclude>
    <ClInclude Include="M:\sourcecode\flycast\core\hw\bba\bba.h">
      <Filter>Header Files</Filter>
    </ClInclude>
    <ClInclude Include="M:\sourcecode\flycast\core\hw\bba\rtl8139c.h">
      <Filter>Header Files</Filter>
    </ClInclude>
    <ClInclude Include="M:\sourcecode\flycast\core\hw\flashrom\flashrom.h">
      <Filter>Header Files</Filter>
    </ClInclude>
    <ClInclude Include="M:\sourcecode\flycast\core\hw\gdrom\gdrom_if.h">
      <Filter>Header Files</Filter>
    </ClInclude>
    <ClInclude Include="M:\sourcecode\flycast\core\hw\gdrom\gdromv3.h">
      <Filter>Header Files</Filter>
    </ClInclude>
    <ClInclude Include="M:\sourcecode\flycast\core\hw\holly\holly_intc.h">
      <Filter>Header Files</Filter>
    </ClInclude>
    <ClInclude Include="M:\sourcecode\flycast\core\hw\holly\sb.h">
      <Filter>Header Files</Filter>
    </ClInclude>
    <ClInclude Include="M:\sourcecode\flycast\core\hw\holly\sb_mem.h">
      <Filter>Header Files</Filter>
    </ClInclude>
    <ClInclude Include="M:\sourcecode\flycast\core\hw\maple\maple_cfg.h">
      <Filter>Header Files</Filter>
    </ClInclude>
    <ClInclude Include="M:\sourcecode\flycast\core\hw\maple\maple_devs.h">
      <Filter>Header Files</Filter>
    </ClInclude>
    <ClInclude Include="M:\sourcecode\flycast\core\hw\maple\maple_helper.h">
      <Filter>Header Files</Filter>
    </ClInclude>
    <ClInclude Include="M:\sourcecode\flycast\core\hw\maple\maple_if.h">
      <Filter>Header Files</Filter>
    </ClInclude>
    <ClInclude Include="M:\sourcecode\flycast\core\hw\mem\_vmem.h">
      <Filter>Header Files</Filter>
    </ClInclude>
    <ClInclude Include="M:\sourcecode\flycast\core\hw\mem\mem_watch.h">
      <Filter>Header Files</Filter>
    </ClInclude>
    <ClInclude Include="M:\sourcecode\flycast\core\hw\modem\modem.h">
      <Filter>Header Files</Filter>
    </ClInclude>
    <ClInclude Include="M:\sourcecode\flycast\core\hw\modem\modem_regs.h">
      <Filter>Header Files</Filter>
    </ClInclude>
    <ClInclude Include="M:\sourcecode\flycast\core\hw\naomi\awave_regs.h">
      <Filter>Header Files</Filter>
    </ClInclude>
    <ClInclude Include="M:\sourcecode\flycast\core\hw\naomi\awcartridge.h">
      <Filter>Header Files</Filter>
    </ClInclude>
    <ClInclude Include="M:\sourcecode\flycast\core\hw\naomi\decrypt.h">
      <Filter>Header Files</Filter>
    </ClInclude>
    <ClInclude Include="M:\sourcecode\flycast\core\hw\naomi\gdcartridge.h">
      <Filter>Header Files</Filter>
    </ClInclude>
    <ClInclude Include="M:\sourcecode\flycast\core\hw\naomi\m1cartridge.h">
      <Filter>Header Files</Filter>
    </ClInclude>
    <ClInclude Include="M:\sourcecode\flycast\core\hw\naomi\m4cartridge.h">
      <Filter>Header Files</Filter>
    </ClInclude>
    <ClInclude Include="M:\sourcecode\flycast\core\hw\naomi\naomi_cart.h">
      <Filter>Header Files</Filter>
    </ClInclude>
    <ClInclude Include="M:\sourcecode\flycast\core\hw\naomi\naomi_flashrom.h">
      <Filter>Header Files</Filter>
    </ClInclude>
    <ClInclude Include="M:\sourcecode\flycast\core\hw\naomi\naomi_m3comm.h">
      <Filter>Header Files</Filter>
    </ClInclude>
    <ClInclude Include="M:\sourcecode\flycast\core\hw\naomi\naomi.h">
      <Filter>Header Files</Filter>
    </ClInclude>
    <ClInclude Include="M:\sourcecode\flycast\core\hw\naomi\naomi_regs.h">
      <Filter>Header Files</Filter>
    </ClInclude>
    <ClInclude Include="M:\sourcecode\flycast\core\hw\naomi\naomi_roms.h">
      <Filter>Header Files</Filter>
    </ClInclude>
    <ClInclude Include="M:\sourcecode\flycast\core\hw\naomi\naomi_roms_input.h">
      <Filter>Header Files</Filter>
    </ClInclude>
    <ClInclude Include="M:\sourcecode\flycast\core\hw\pvr\helper_classes.h">
      <Filter>Header Files</Filter>
    </ClInclude>
    <ClInclude Include="M:\sourcecode\flycast\core\hw\pvr\pvr.h">
      <Filter>Header Files</Filter>
    </ClInclude>
    <ClInclude Include="M:\sourcecode\flycast\core\hw\pvr\pvr_mem.h">
      <Filter>Header Files</Filter>
    </ClInclude>
    <ClInclude Include="M:\sourcecode\flycast\core\hw\pvr\pvr_regs.h">
      <Filter>Header Files</Filter>
    </ClInclude>
    <ClInclude Include="M:\sourcecode\flycast\core\hw\pvr\pvr_sb_regs.h">
      <Filter>Header Files</Filter>
    </ClInclude>
    <ClInclude Include="M:\sourcecode\flycast\core\hw\pvr\Renderer_if.h">
      <Filter>Header Files</Filter>
    </ClInclude>
    <ClInclude Include="M:\sourcecode\flycast\core\hw\pvr\spg.h">
      <Filter>Header Files</Filter>
    </ClInclude>
    <ClInclude Include="M:\sourcecode\flycast\core\hw\pvr\ta_const_df.h">
      <Filter>Header Files</Filter>
    </ClInclude>
    <ClInclude Include="M:\sourcecode\flycast\core\hw\pvr\ta_ctx.h">
      <Filter>Header Files</Filter>
    </ClInclude>
    <ClInclude Include="M:\sourcecode\flycast\core\hw\pvr\ta.h">
      <Filter>Header Files</Filter>
    </ClInclude>
    <ClInclude Include="M:\sourcecode\flycast\core\hw\pvr\ta_structs.h">
      <Filter>Header Files</Filter>
    </ClInclude>
    <ClInclude Include="M:\sourcecode\flycast\core\hw\sh4\dyna\blockmanager.h">
      <Filter>Header Files</Filter>
    </ClInclude>
    <ClInclude Include="M:\sourcecode\flycast\core\hw\sh4\dyna\decoder.h">
      <Filter>Header Files</Filter>
    </ClInclude>
    <ClInclude Include="M:\sourcecode\flycast\core\hw\sh4\dyna\decoder_opcodes.h">
      <Filter>Header Files</Filter>
    </ClInclude>
    <ClInclude Include="M:\sourcecode\flycast\core\hw\sh4\dyna\ngen.h">
      <Filter>Header Files</Filter>
    </ClInclude>
    <ClInclude Include="M:\sourcecode\flycast\core\hw\sh4\dyna\shil_canonical.h">
      <Filter>Header Files</Filter>
    </ClInclude>
    <ClInclude Include="M:\sourcecode\flycast\core\hw\sh4\dyna\shil.h">
      <Filter>Header Files</Filter>
    </ClInclude>
    <ClInclude Include="M:\sourcecode\flycast\core\hw\sh4\dyna\ssa.h">
      <Filter>Header Files</Filter>
    </ClInclude>
    <ClInclude Include="M:\sourcecode\flycast\core\hw\sh4\dyna\ssa_regalloc.h">
      <Filter>Header Files</Filter>
    </ClInclude>
    <ClInclude Include="M:\sourcecode\flycast\core\hw\sh4\fsca-table.h">
      <Filter>Header Files</Filter>
    </ClInclude>
    <ClInclude Include="M:\sourcecode\flycast\core\hw\sh4\interpr\sh4_opcodes.h">
      <Filter>Header Files</Filter>
    </ClInclude>
    <ClInclude Include="M:\sourcecode\flycast\core\hw\sh4\modules\ccn.h">
      <Filter>Header Files</Filter>
    </ClInclude>
    <ClInclude Include="M:\sourcecode\flycast\core\hw\sh4\modules\dmac.h">
      <Filter>Header Files</Filter>
    </ClInclude>
    <ClInclude Include="M:\sourcecode\flycast\core\hw\sh4\modules\mmu.h">
      <Filter>Header Files</Filter>
    </ClInclude>
    <ClInclude Include="M:\sourcecode\flycast\core\hw\sh4\modules\modules.h">
      <Filter>Header Files</Filter>
    </ClInclude>
    <ClInclude Include="M:\sourcecode\flycast\core\hw\sh4\modules\wince.h">
      <Filter>Header Files</Filter>
    </ClInclude>
    <ClInclude Include="M:\sourcecode\flycast\core\hw\sh4\sh4_cache.h">
      <Filter>Header Files</Filter>
    </ClInclude>
    <ClInclude Include="M:\sourcecode\flycast\core\hw\sh4\sh4_core.h">
      <Filter>Header Files</Filter>
    </ClInclude>
    <ClInclude Include="M:\sourcecode\flycast\core\hw\sh4\sh4_if.h">
      <Filter>Header Files</Filter>
    </ClInclude>
    <ClInclude Include="M:\sourcecode\flycast\core\hw\sh4\sh4_interpreter.h">
      <Filter>Header Files</Filter>
    </ClInclude>
    <ClInclude Include="M:\sourcecode\flycast\core\hw\sh4\sh4_interrupts.h">
      <Filter>Header Files</Filter>
    </ClInclude>
    <ClInclude Include="M:\sourcecode\flycast\core\hw\sh4\sh4_mem.h">
      <Filter>Header Files</Filter>
    </ClInclude>
    <ClInclude Include="M:\sourcecode\flycast\core\hw\sh4\sh4_mmr.h">
      <Filter>Header Files</Filter>
    </ClInclude>
    <ClInclude Include="M:\sourcecode\flycast\core\hw\sh4\sh4_opcode_list.h">
      <Filter>Header Files</Filter>
    </ClInclude>
    <ClInclude Include="M:\sourcecode\flycast\core\hw\sh4\sh4_rom.h">
      <Filter>Header Files</Filter>
    </ClInclude>
    <ClInclude Include="M:\sourcecode\flycast\core\hw\sh4\sh4_sched.h">
      <Filter>Header Files</Filter>
    </ClInclude>
    <ClInclude Include="M:\sourcecode\flycast\core\imgread\common.h">
      <Filter>Header Files</Filter>
    </ClInclude>
    <ClInclude Include="M:\sourcecode\flycast\core\input\gamepad.h">
      <Filter>Header Files</Filter>
    </ClInclude>
    <ClInclude Include="M:\sourcecode\flycast\core\input\gamepad_device.h">
      <Filter>Header Files</Filter>
    </ClInclude>
    <ClInclude Include="M:\sourcecode\flycast\core\input\keyboard_device.h">
      <Filter>Header Files</Filter>
    </ClInclude>
    <ClInclude Include="M:\sourcecode\flycast\core\input\mapping.h">
      <Filter>Header Files</Filter>
    </ClInclude>
    <ClInclude Include="M:\sourcecode\flycast\core\input\mouse.h">
      <Filter>Header Files</Filter>
    </ClInclude>
    <ClInclude Include="M:\sourcecode\flycast\core\windows\comptr.h">
      <Filter>Header Files</Filter>
    </ClInclude>
    <ClInclude Include="M:\sourcecode\flycast\core\linux-dist\dispmanx.h">
      <Filter>Header Files</Filter>
    </ClInclude>
    <ClInclude Include="M:\sourcecode\flycast\core\linux-dist\evdev.h">
      <Filter>Header Files</Filter>
    </ClInclude>
    <ClInclude Include="M:\sourcecode\flycast\core\linux-dist\icon.h">
      <Filter>Header Files</Filter>
    </ClInclude>
    <ClInclude Include="M:\sourcecode\flycast\core\linux-dist\x11.h">
      <Filter>Header Files</Filter>
    </ClInclude>
    <ClInclude Include="M:\sourcecode\flycast\core\linux-dist\x11_keyboard.h">
      <Filter>Header Files</Filter>
    </ClInclude>
    <ClInclude Include="M:\sourcecode\flycast\core\log\BitSet.h">
      <Filter>Header Files</Filter>
    </ClInclude>
    <ClInclude Include="M:\sourcecode\flycast\core\log\Log.h">
      <Filter>Header Files</Filter>
    </ClInclude>
    <ClInclude Include="M:\sourcecode\flycast\core\log\StringUtil.h">
      <Filter>Header Files</Filter>
    </ClInclude>
    <ClInclude Include="M:\sourcecode\flycast\core\log\ConsoleListener.h">
      <Filter>Header Files</Filter>
    </ClInclude>
    <ClInclude Include="M:\sourcecode\flycast\core\log\LogManager.h">
      <Filter>Header Files</Filter>
    </ClInclude>
    <ClInclude Include="M:\sourcecode\flycast\core\network\ggpo.h">
      <Filter>Header Files</Filter>
    </ClInclude>
    <ClInclude Include="M:\sourcecode\flycast\core\network\miniupnp.h">
      <Filter>Header Files</Filter>
    </ClInclude>
    <ClInclude Include="M:\sourcecode\flycast\core\network\naomi_network.h">
      <Filter>Header Files</Filter>
    </ClInclude>
    <ClInclude Include="M:\sourcecode\flycast\core\network\net_handshake.h">
      <Filter>Header Files</Filter>
    </ClInclude>
    <ClInclude Include="M:\sourcecode\flycast\core\network\net_platform.h">
      <Filter>Header Files</Filter>
    </ClInclude>
    <ClInclude Include="M:\sourcecode\flycast\core\network\picoppp.h">
      <Filter>Header Files</Filter>
    </ClInclude>
    <ClInclude Include="M:\sourcecode\flycast\core\oslib\audiostream.h">
      <Filter>Header Files</Filter>
    </ClInclude>
    <ClInclude Include="M:\sourcecode\flycast\core\oslib\directory.h">
      <Filter>Header Files</Filter>
    </ClInclude>
    <ClInclude Include="M:\sourcecode\flycast\core\oslib\host_context.h">
      <Filter>Header Files</Filter>
    </ClInclude>
    <ClInclude Include="M:\sourcecode\flycast\core\oslib\oslib.h">
      <Filter>Header Files</Filter>
    </ClInclude>
    <ClInclude Include="M:\sourcecode\flycast\core\lua\lua.h">
      <Filter>Header Files</Filter>
    </ClInclude>
    <ClInclude Include="M:\sourcecode\flycast\core\profiler\profiler.h">
      <Filter>Header Files</Filter>
    </ClInclude>
    <ClInclude Include="M:\sourcecode\flycast\core\reios\descrambl.h">
      <Filter>Header Files</Filter>
    </ClInclude>
    <ClInclude Include="M:\sourcecode\flycast\core\reios\font.h">
      <Filter>Header Files</Filter>
    </ClInclude>
    <ClInclude Include="M:\sourcecode\flycast\core\reios\gdrom_hle.h">
      <Filter>Header Files</Filter>
    </ClInclude>
    <ClInclude Include="M:\sourcecode\flycast\core\reios\iso9660.h">
      <Filter>Header Files</Filter>
    </ClInclude>
    <ClInclude Include="M:\sourcecode\flycast\core\reios\reios.h">
      <Filter>Header Files</Filter>
    </ClInclude>
    <ClInclude Include="M:\sourcecode\flycast\core\reios\reios_elf.h">
      <Filter>Header Files</Filter>
    </ClInclude>
    <ClInclude Include="M:\sourcecode\flycast\core\wsi\context.h">
      <Filter>Header Files</Filter>
    </ClInclude>
    <ClInclude Include="M:\sourcecode\flycast\core\wsi\libretro.h">
      <Filter>Header Files</Filter>
    </ClInclude>
    <ClInclude Include="M:\sourcecode\flycast\core\wsi\egl.h">
      <Filter>Header Files</Filter>
    </ClInclude>
    <ClInclude Include="M:\sourcecode\flycast\core\wsi\gl_context.h">
      <Filter>Header Files</Filter>
    </ClInclude>
    <ClInclude Include="M:\sourcecode\flycast\core\wsi\osx.h">
      <Filter>Header Files</Filter>
    </ClInclude>
    <ClInclude Include="M:\sourcecode\flycast\core\wsi\sdl.h">
      <Filter>Header Files</Filter>
    </ClInclude>
    <ClInclude Include="M:\sourcecode\flycast\core\wsi\wgl.h">
      <Filter>Header Files</Filter>
    </ClInclude>
    <ClInclude Include="M:\sourcecode\flycast\core\wsi\xgl.h">
      <Filter>Header Files</Filter>
    </ClInclude>
    <ClInclude Include="M:\sourcecode\flycast\core\wsi\gl32funcs.h">
      <Filter>Header Files</Filter>
    </ClInclude>
    <ClInclude Include="M:\sourcecode\flycast\core\rend\gles\glcache.h">
      <Filter>Header Files</Filter>
    </ClInclude>
    <ClInclude Include="M:\sourcecode\flycast\core\rend\gles\gles.h">
      <Filter>Header Files</Filter>
    </ClInclude>
    <ClInclude Include="M:\sourcecode\flycast\core\rend\gles\postprocess.h">
      <Filter>Header Files</Filter>
    </ClInclude>
    <ClInclude Include="M:\sourcecode\flycast\core\rend\gles\imgui_impl_opengl3.h">
      <Filter>Header Files</Filter>
    </ClInclude>
    <ClInclude Include="M:\sourcecode\flycast\core\rend\gles\opengl_driver.h">
      <Filter>Header Files</Filter>
    </ClInclude>
    <ClInclude Include="M:\sourcecode\flycast\core\rend\gl4\gl4.h">
      <Filter>Header Files</Filter>
    </ClInclude>
    <ClInclude Include="M:\sourcecode\flycast\core\build.h">
      <Filter>Header Files</Filter>
    </ClInclude>
    <ClInclude Include="M:\sourcecode\flycast\core\cheats.h">
      <Filter>Header Files</Filter>
    </ClInclude>
    <ClInclude Include="M:\sourcecode\flycast\core\emulator.h">
      <Filter>Header Files</Filter>
    </ClInclude>
    <ClInclude Include="M:\sourcecode\flycast\core\serialize.h">
      <Filter>Header Files</Filter>
    </ClInclude>
    <ClInclude Include="M:\sourcecode\flycast\core\stdclass.h">
      <Filter>Header Files</Filter>
    </ClInclude>
    <ClInclude Include="M:\sourcecode\flycast\core\types.h">
      <Filter>Header Files</Filter>
    </ClInclude>
    <ClInclude Include="M:\sourcecode\flycast\core\debug\gdb_server.h">
      <Filter>Header Files</Filter>
    </ClInclude>
    <ClInclude Include="M:\sourcecode\flycast\core\rend\CustomTexture.h">
      <Filter>Header Files</Filter>
    </ClInclude>
    <ClInclude Include="M:\sourcecode\flycast\core\rend\osd.h">
      <Filter>Header Files</Filter>
    </ClInclude>
    <ClInclude Include="M:\sourcecode\flycast\core\rend\sorter.h">
      <Filter>Header Files</Filter>
    </ClInclude>
    <ClInclude Include="M:\sourcecode\flycast\core\rend\tileclip.h">
      <Filter>Header Files</Filter>
    </ClInclude>
    <ClInclude Include="M:\sourcecode\flycast\core\rend\TexCache.h">
      <Filter>Header Files</Filter>
    </ClInclude>
    <ClInclude Include="M:\sourcecode\flycast\core\rend\game_scanner.h">
      <Filter>Header Files</Filter>
    </ClInclude>
    <ClInclude Include="M:\sourcecode\flycast\core\rend\imgui_driver.h">
      <Filter>Header Files</Filter>
    </ClInclude>
    <ClInclude Include="M:\sourcecode\flycast\core\rend\gui.h">
      <Filter>Header Files</Filter>
    </ClInclude>
    <ClInclude Include="M:\sourcecode\flycast\core\rend\gui_android.h">
      <Filter>Header Files</Filter>
    </ClInclude>
    <ClInclude Include="M:\sourcecode\flycast\core\rend\gui_chat.h">
      <Filter>Header Files</Filter>
    </ClInclude>
    <ClInclude Include="M:\sourcecode\flycast\core\rend\gui_util.h">
      <Filter>Header Files</Filter>
    </ClInclude>
    <ClInclude Include="M:\sourcecode\flycast\core\rend\mainui.h">
      <Filter>Header Files</Filter>
    </ClInclude>
    <ClInclude Include="M:\sourcecode\flycast\core\rend\vulkan\oit\oit_buffer.h">
      <Filter>Header Files</Filter>
    </ClInclude>
    <ClInclude Include="M:\sourcecode\flycast\core\rend\vulkan\oit\oit_drawer.h">
      <Filter>Header Files</Filter>
    </ClInclude>
    <ClInclude Include="M:\sourcecode\flycast\core\rend\vulkan\oit\oit_pipeline.h">
      <Filter>Header Files</Filter>
    </ClInclude>
    <ClInclude Include="M:\sourcecode\flycast\core\rend\vulkan\oit\oit_renderpass.h">
      <Filter>Header Files</Filter>
    </ClInclude>
    <ClInclude Include="M:\sourcecode\flycast\core\rend\vulkan\oit\oit_shaders.h">
      <Filter>Header Files</Filter>
    </ClInclude>
    <ClInclude Include="M:\sourcecode\flycast\core\rend\vulkan\buffer.h">
      <Filter>Header Files</Filter>
    </ClInclude>
    <ClInclude Include="M:\sourcecode\flycast\core\rend\vulkan\commandpool.h">
      <Filter>Header Files</Filter>
    </ClInclude>
    <ClInclude Include="M:\sourcecode\flycast\core\rend\vulkan\compiler.h">
      <Filter>Header Files</Filter>
    </ClInclude>
    <ClInclude Include="M:\sourcecode\flycast\core\rend\vulkan\drawer.h">
      <Filter>Header Files</Filter>
    </ClInclude>
    <ClInclude Include="M:\sourcecode\flycast\core\rend\vulkan\pipeline.h">
      <Filter>Header Files</Filter>
    </ClInclude>
    <ClInclude Include="M:\sourcecode\flycast\core\rend\vulkan\quad.h">
      <Filter>Header Files</Filter>
    </ClInclude>
    <ClInclude Include="M:\sourcecode\flycast\core\rend\vulkan\shaders.h">
      <Filter>Header Files</Filter>
    </ClInclude>
    <ClInclude Include="M:\sourcecode\flycast\core\rend\vulkan\texture.h">
      <Filter>Header Files</Filter>
    </ClInclude>
    <ClInclude Include="M:\sourcecode\flycast\core\rend\vulkan\utils.h">
      <Filter>Header Files</Filter>
    </ClInclude>
    <ClInclude Include="M:\sourcecode\flycast\core\rend\vulkan\vk_mem_alloc.h">
      <Filter>Header Files</Filter>
    </ClInclude>
    <ClInclude Include="M:\sourcecode\flycast\core\rend\vulkan\vmallocator.h">
      <Filter>Header Files</Filter>
    </ClInclude>
    <ClInclude Include="M:\sourcecode\flycast\core\rend\vulkan\overlay.h">
      <Filter>Header Files</Filter>
    </ClInclude>
    <ClInclude Include="M:\sourcecode\flycast\core\rend\vulkan\vulkan_context.h">
      <Filter>Header Files</Filter>
    </ClInclude>
    <ClInclude Include="M:\sourcecode\flycast\core\rend\vulkan\vulkan.h">
      <Filter>Header Files</Filter>
    </ClInclude>
    <ClInclude Include="M:\sourcecode\flycast\core\rend\vulkan\vulkan_driver.h">
      <Filter>Header Files</Filter>
    </ClInclude>
    <ClInclude Include="M:\sourcecode\flycast\core\rend\vulkan\imgui_impl_vulkan.h">
      <Filter>Header Files</Filter>
    </ClInclude>
    <ClInclude Include="M:\sourcecode\flycast\core\rend\dx11\imgui_impl_dx11.h">
      <Filter>Header Files</Filter>
    </ClInclude>
    <ClInclude Include="M:\sourcecode\flycast\core\rend\dx11\dx11_driver.h">
      <Filter>Header Files</Filter>
    </ClInclude>
    <ClInclude Include="M:\sourcecode\flycast\core\rend\dx11\dx11_overlay.h">
      <Filter>Header Files</Filter>
    </ClInclude>
    <ClInclude Include="M:\sourcecode\flycast\core\rend\dx11\dx11_renderer.h">
      <Filter>Header Files</Filter>
    </ClInclude>
    <ClInclude Include="M:\sourcecode\flycast\core\rend\dx11\dx11_renderstate.h">
      <Filter>Header Files</Filter>
    </ClInclude>
    <ClInclude Include="M:\sourcecode\flycast\core\rend\dx11\dx11_shaders.h">
      <Filter>Header Files</Filter>
    </ClInclude>
    <ClInclude Include="M:\sourcecode\flycast\core\rend\dx11\dx11_texture.h">
      <Filter>Header Files</Filter>
    </ClInclude>
    <ClInclude Include="M:\sourcecode\flycast\core\rend\dx11\dx11context.h">
      <Filter>Header Files</Filter>
    </ClInclude>
    <ClInclude Include="M:\sourcecode\flycast\core\rend\dx11\dx11context_lr.h">
      <Filter>Header Files</Filter>
    </ClInclude>
    <ClInclude Include="M:\sourcecode\flycast\core\rend\dx11\oit\dx11_oitbuffers.h">
      <Filter>Header Files</Filter>
    </ClInclude>
    <ClInclude Include="M:\sourcecode\flycast\core\rend\dx11\oit\dx11_oitshaders.h">
      <Filter>Header Files</Filter>
    </ClInclude>
    <ClInclude Include="M:\sourcecode\flycast\core\rec-x64\xbyak_base.h">
      <Filter>Header Files</Filter>
    </ClInclude>
    <ClInclude Include="M:\sourcecode\flycast\core\rec-x64\x64_regalloc.h">
      <Filter>Header Files</Filter>
    </ClInclude>
    <ClInclude Include="M:\sourcecode\flycast\core\deps\ggpo\lib\ggpo\bitvector.h">
      <Filter>Header Files</Filter>
    </ClInclude>
    <ClInclude Include="M:\sourcecode\flycast\core\deps\ggpo\lib\ggpo\game_input.h">
      <Filter>Header Files</Filter>
    </ClInclude>
    <ClInclude Include="M:\sourcecode\flycast\core\deps\ggpo\lib\ggpo\input_queue.h">
      <Filter>Header Files</Filter>
    </ClInclude>
    <ClInclude Include="M:\sourcecode\flycast\core\deps\ggpo\lib\ggpo\log.h">
      <Filter>Header Files</Filter>
    </ClInclude>
    <ClInclude Include="M:\sourcecode\flycast\core\deps\ggpo\lib\ggpo\platform_linux.h">
      <Filter>Header Files</Filter>
    </ClInclude>
    <ClInclude Include="M:\sourcecode\flycast\core\deps\ggpo\lib\ggpo\platform_windows.h">
      <Filter>Header Files</Filter>
    </ClInclude>
    <ClInclude Include="M:\sourcecode\flycast\core\deps\ggpo\lib\ggpo\ggpo_poll.h">
      <Filter>Header Files</Filter>
    </ClInclude>
    <ClInclude Include="M:\sourcecode\flycast\core\deps\ggpo\lib\ggpo\ring_buffer.h">
      <Filter>Header Files</Filter>
    </ClInclude>
    <ClInclude Include="M:\sourcecode\flycast\core\deps\ggpo\lib\ggpo\static_buffer.h">
      <Filter>Header Files</Filter>
    </ClInclude>
    <ClInclude Include="M:\sourcecode\flycast\core\deps\ggpo\lib\ggpo\sync.h">
      <Filter>Header Files</Filter>
    </ClInclude>
    <ClInclude Include="M:\sourcecode\flycast\core\deps\ggpo\lib\ggpo\timesync.h">
      <Filter>Header Files</Filter>
    </ClInclude>
    <ClInclude Include="M:\sourcecode\flycast\core\deps\ggpo\lib\ggpo\ggpo_types.h">
      <Filter>Header Files</Filter>
    </ClInclude>
    <ClInclude Include="M:\sourcecode\flycast\core\deps\ggpo\lib\ggpo\backends\backend.h">
      <Filter>Header Files</Filter>
    </ClInclude>
    <ClInclude Include="M:\sourcecode\flycast\core\deps\ggpo\lib\ggpo\backends\p2p.h">
      <Filter>Header Files</Filter>
    </ClInclude>
    <ClInclude Include="M:\sourcecode\flycast\core\deps\ggpo\lib\ggpo\backends\spectator.h">
      <Filter>Header Files</Filter>
    </ClInclude>
    <ClInclude Include="M:\sourcecode\flycast\core\deps\ggpo\lib\ggpo\backends\synctest.h">
      <Filter>Header Files</Filter>
    </ClInclude>
    <ClInclude Include="M:\sourcecode\flycast\core\deps\ggpo\lib\ggpo\network\udp_msg.h">
      <Filter>Header Files</Filter>
    </ClInclude>
    <ClInclude Include="M:\sourcecode\flycast\core\deps\ggpo\lib\ggpo\network\udp_proto.h">
      <Filter>Header Files</Filter>
    </ClInclude>
    <ClInclude Include="M:\sourcecode\flycast\core\deps\ggpo\lib\ggpo\network\udp.h">
      <Filter>Header Files</Filter>
    </ClInclude>
    <ClInclude Include="M:\sourcecode\flycast\core\windows\rawinput.h">
      <Filter>Header Files</Filter>
    </ClInclude>
    <ClInclude Include="M:\sourcecode\flycast\core\windows\win_keyboard.h">
      <Filter>Header Files</Filter>
    </ClInclude>
    <ClInclude Include="M:\sourcecode\flycast\core\windows\xinput_gamepad.h">
      <Filter>Header Files</Filter>
    </ClInclude>
  </ItemGroup>
  <ItemGroup>
    <CustomBuild Include="M:\sourcecode\flycast\CMakeLists.txt" />
  </ItemGroup>
  <ItemGroup>
    <None Include="M:\sourcecode\flycast\core\hw\sh4\dyna" />
    <None Include="M:\sourcecode\flycast\core\hw\sh4\interpr" />
    <None Include="M:\sourcecode\flycast\core\hw\sh4\modules" />
  </ItemGroup>
  <ItemGroup>
    <ResourceCompile Include="M:\sourcecode\flycast\shell\windows\flycast.rc">
      <Filter>Source Files</Filter>
    </ResourceCompile>
  </ItemGroup>
  <ItemGroup>
    <Filter Include="Header Files">
      <UniqueIdentifier>{2720FD23-D4D0-3BB2-A573-46542C86B973}</UniqueIdentifier>
    </Filter>
    <Filter Include="Source Files">
      <UniqueIdentifier>{73862D8B-E6EA-3DFB-B754-A7DB76F6159E}</UniqueIdentifier>
    </Filter>
  </ItemGroup>
</Project>
