
Microsoft Visual Studio Solution File, Format Version 12.00
# Visual Studio Version 16
Project("{2150E333-8FDC-42A3-9474-1A3956D46DE8}") = "CMakePredefinedTargets", "CMakePredefinedTargets", "{0CA43EC3-AD01-3E43-B0F1-4E79B37EC3F5}"
EndProject
Project("{2150E333-8FDC-42A3-9474-1A3956D46DE8}") = "glslang", "glslang", "{2CA238FB-4FE5-3725-A7AE-81014CA9B455}"
EndProject
Project("{2150E333-8FDC-42A3-9474-1A3956D46DE8}") = "hlsl", "hlsl", "{670A4B4B-DC90-3433-96EB-804472DE8297}"
EndProject
Project("{8BC9CEB8-8B4A-11D0-8D11-00A0C91BC942}") = "ALL_BUILD", "ALL_BUILD.vcxproj", "{68B24FC4-7205-3D7C-9137-EA941926E10B}"
	ProjectSection(ProjectDependencies) = postProject
		{47CBD28D-F230-3A7B-B012-AD7244616443} = {47CBD28D-F230-3A7B-B012-AD7244616443}
		{4A985F1E-7ECF-3E8C-A243-4214B930AF4B} = {4A985F1E-7ECF-3E8C-A243-4214B930AF4B}
		{FE704DE2-0FD1-35C4-A3EB-95F4E7BBA4EC} = {FE704DE2-0FD1-35C4-A3EB-95F4E7BBA4EC}
		{24A72216-6666-3119-92AA-29D4D6B8CA07} = {24A72216-6666-3119-92AA-29D4D6B8CA07}
		{27AE822D-DB4A-3FC1-97A0-DBE00E5C7893} = {27AE822D-DB4A-3FC1-97A0-DBE00E5C7893}
		{FF770069-2146-3AD2-A798-C487C79C12B0} = {FF770069-2146-3AD2-A798-C487C79C12B0}
		{F36B27FF-711F-351A-893F-D468EEE561E0} = {F36B27FF-711F-351A-893F-D468EEE561E0}
		{53849AF5-CF44-3248-95C3-56B13CE4BC1F} = {53849AF5-CF44-3248-95C3-56B13CE4BC1F}
	EndProjectSection
EndProject
Project("{8BC9CEB8-8B4A-11D0-8D11-00A0C91BC942}") = "HLSL", "core\deps\glslang\hlsl\HLSL.vcxproj", "{1DF9914E-93F6-3D5B-B29F-27936A372E26}"
	ProjectSection(ProjectDependencies) = postProject
		{4A985F1E-7ECF-3E8C-A243-4214B930AF4B} = {4A985F1E-7ECF-3E8C-A243-4214B930AF4B}
	EndProjectSection
EndProject
Project("{8BC9CEB8-8B4A-11D0-8D11-00A0C91BC942}") = "INSTALL", "INSTALL.vcxproj", "{526E7EA7-414E-3A7C-A077-D74C2A46D6EB}"
	ProjectSection(ProjectDependencies) = postProject
		{68B24FC4-7205-3D7C-9137-EA941926E10B} = {68B24FC4-7205-3D7C-9137-EA941926E10B}
		{4A985F1E-7ECF-3E8C-A243-4214B930AF4B} = {4A985F1E-7ECF-3E8C-A243-4214B930AF4B}
	EndProjectSection
EndProject
Project("{8BC9CEB8-8B4A-11D0-8D11-00A0C91BC942}") = "OGLCompiler", "core\deps\glslang\OGLCompilersDLL\OGLCompiler.vcxproj", "{DF6F7D33-6E2F-35AA-9B5D-0AB7EDFA15D7}"
	ProjectSection(ProjectDependencies) = postProject
		{4A985F1E-7ECF-3E8C-A243-4214B930AF4B} = {4A985F1E-7ECF-3E8C-A243-4214B930AF4B}
	EndProjectSection
EndProject
Project("{8BC9CEB8-8B4A-11D0-8D11-00A0C91BC942}") = "OSDependent", "core\deps\glslang\glslang\OSDependent\Windows\OSDependent.vcxproj", "{88EC43D0-1323-3B86-87C8-FDA8E3858907}"
	ProjectSection(ProjectDependencies) = postProject
		{4A985F1E-7ECF-3E8C-A243-4214B930AF4B} = {4A985F1E-7ECF-3E8C-A243-4214B930AF4B}
	EndProjectSection
EndProject
Project("{8BC9CEB8-8B4A-11D0-8D11-00A0C91BC942}") = "SDL2-static", "core\deps\SDL\SDL2-static.vcxproj", "{FE1BA1A1-7DF8-3B4E-8CC5-388211DBD398}"
	ProjectSection(ProjectDependencies) = postProject
		{4A985F1E-7ECF-3E8C-A243-4214B930AF4B} = {4A985F1E-7ECF-3E8C-A243-4214B930AF4B}
	EndProjectSection
EndProject
Project("{8BC9CEB8-8B4A-11D0-8D11-00A0C91BC942}") = "SPIRV", "core\deps\glslang\SPIRV\SPIRV.vcxproj", "{90FF5BCE-4954-31C5-938A-53CEDC2B6D5D}"
	ProjectSection(ProjectDependencies) = postProject
		{1DF9914E-93F6-3D5B-B29F-27936A372E26} = {1DF9914E-93F6-3D5B-B29F-27936A372E26}
		{DF6F7D33-6E2F-35AA-9B5D-0AB7EDFA15D7} = {DF6F7D33-6E2F-35AA-9B5D-0AB7EDFA15D7}
		{88EC43D0-1323-3B86-87C8-FDA8E3858907} = {88EC43D0-1323-3B86-87C8-FDA8E3858907}
		{4A985F1E-7ECF-3E8C-A243-4214B930AF4B} = {4A985F1E-7ECF-3E8C-A243-4214B930AF4B}
		{56F03963-D0A3-344C-947C-67EDE24BC2A7} = {56F03963-D0A3-344C-947C-67EDE24BC2A7}
	EndProjectSection
EndProject
Project("{8BC9CEB8-8B4A-11D0-8D11-00A0C91BC942}") = "Vanguard", "core\Vanguard\Vanguard.vcxproj", "{47CBD28D-F230-3A7B-B012-AD7244616443}"
	ProjectSection(ProjectDependencies) = postProject
		{3367F841-B057-3BCB-ADF4-624E028C8E7B} = {3367F841-B057-3BCB-ADF4-624E028C8E7B}
	EndProjectSection
EndProject
Project("{8BC9CEB8-8B4A-11D0-8D11-00A0C91BC942}") = "VanguardWrapper", "core\VanguardWrapper\VanguardWrapper.vcxproj", "{3367F841-B057-3BCB-ADF4-624E028C8E7B}"
	ProjectSection(ProjectDependencies) = postProject
		{4A985F1E-7ECF-3E8C-A243-4214B930AF4B} = {4A985F1E-7ECF-3E8C-A243-4214B930AF4B}
	EndProjectSection
EndProject
Project("{8BC9CEB8-8B4A-11D0-8D11-00A0C91BC942}") = "ZERO_CHECK", "ZERO_CHECK.vcxproj", "{4A985F1E-7ECF-3E8C-A243-4214B930AF4B}"
	ProjectSection(ProjectDependencies) = postProject
	EndProjectSection
EndProject
Project("{8BC9CEB8-8B4A-11D0-8D11-00A0C91BC942}") = "chdr-static", "core\deps\libchdr\chdr-static.vcxproj", "{B957FFCA-E782-3434-8C5C-8C9860A4CFAE}"
	ProjectSection(ProjectDependencies) = postProject
		{4A985F1E-7ECF-3E8C-A243-4214B930AF4B} = {4A985F1E-7ECF-3E8C-A243-4214B930AF4B}
		{D7912B82-8A38-38AC-84D3-F6CAB239CFF2} = {D7912B82-8A38-38AC-84D3-F6CAB239CFF2}
		{E34D8D16-FB59-3B71-910E-6ABF5BBB17A5} = {E34D8D16-FB59-3B71-910E-6ABF5BBB17A5}
	EndProjectSection
EndProject
Project("{8BC9CEB8-8B4A-11D0-8D11-00A0C91BC942}") = "dist", "core\deps\libzip\dist.vcxproj", "{1EB12C70-84F5-33CB-BAA0-6BE65BDC0CE1}"
	ProjectSection(ProjectDependencies) = postProject
		{4A985F1E-7ECF-3E8C-A243-4214B930AF4B} = {4A985F1E-7ECF-3E8C-A243-4214B930AF4B}
	EndProjectSection
EndProject
Project("{8BC9CEB8-8B4A-11D0-8D11-00A0C91BC942}") = "distcheck", "core\deps\libzip\distcheck.vcxproj", "{CA554E72-4A60-3EE7-8D08-476844B76125}"
	ProjectSection(ProjectDependencies) = postProject
		{4A985F1E-7ECF-3E8C-A243-4214B930AF4B} = {4A985F1E-7ECF-3E8C-A243-4214B930AF4B}
		{1EB12C70-84F5-33CB-BAA0-6BE65BDC0CE1} = {1EB12C70-84F5-33CB-BAA0-6BE65BDC0CE1}
	EndProjectSection
EndProject
Project("{8BC9CEB8-8B4A-11D0-8D11-00A0C91BC942}") = "dx9renderer", "core\rend\dx9\dx9renderer.vcxproj", "{FE704DE2-0FD1-35C4-A3EB-95F4E7BBA4EC}"
	ProjectSection(ProjectDependencies) = postProject
		{4A985F1E-7ECF-3E8C-A243-4214B930AF4B} = {4A985F1E-7ECF-3E8C-A243-4214B930AF4B}
	EndProjectSection
EndProject
Project("{8BC9CEB8-8B4A-11D0-8D11-00A0C91BC942}") = "flycast", "flycast.vcxproj", "{24A72216-6666-3119-92AA-29D4D6B8CA07}"
	ProjectSection(ProjectDependencies) = postProject
		{1DF9914E-93F6-3D5B-B29F-27936A372E26} = {1DF9914E-93F6-3D5B-B29F-27936A372E26}
		{DF6F7D33-6E2F-35AA-9B5D-0AB7EDFA15D7} = {DF6F7D33-6E2F-35AA-9B5D-0AB7EDFA15D7}
		{88EC43D0-1323-3B86-87C8-FDA8E3858907} = {88EC43D0-1323-3B86-87C8-FDA8E3858907}
		{FE1BA1A1-7DF8-3B4E-8CC5-388211DBD398} = {FE1BA1A1-7DF8-3B4E-8CC5-388211DBD398}
		{90FF5BCE-4954-31C5-938A-53CEDC2B6D5D} = {90FF5BCE-4954-31C5-938A-53CEDC2B6D5D}
		{47CBD28D-F230-3A7B-B012-AD7244616443} = {47CBD28D-F230-3A7B-B012-AD7244616443}
		{4A985F1E-7ECF-3E8C-A243-4214B930AF4B} = {4A985F1E-7ECF-3E8C-A243-4214B930AF4B}
		{B957FFCA-E782-3434-8C5C-8C9860A4CFAE} = {B957FFCA-E782-3434-8C5C-8C9860A4CFAE}
		{FE704DE2-0FD1-35C4-A3EB-95F4E7BBA4EC} = {FE704DE2-0FD1-35C4-A3EB-95F4E7BBA4EC}
		{56F03963-D0A3-344C-947C-67EDE24BC2A7} = {56F03963-D0A3-344C-947C-67EDE24BC2A7}
		{27AE822D-DB4A-3FC1-97A0-DBE00E5C7893} = {27AE822D-DB4A-3FC1-97A0-DBE00E5C7893}
		{D7912B82-8A38-38AC-84D3-F6CAB239CFF2} = {D7912B82-8A38-38AC-84D3-F6CAB239CFF2}
		{FF770069-2146-3AD2-A798-C487C79C12B0} = {FF770069-2146-3AD2-A798-C487C79C12B0}
		{F36B27FF-711F-351A-893F-D468EEE561E0} = {F36B27FF-711F-351A-893F-D468EEE561E0}
		{53849AF5-CF44-3248-95C3-56B13CE4BC1F} = {53849AF5-CF44-3248-95C3-56B13CE4BC1F}
		{E34D8D16-FB59-3B71-910E-6ABF5BBB17A5} = {E34D8D16-FB59-3B71-910E-6ABF5BBB17A5}
	EndProjectSection
EndProject
Project("{8BC9CEB8-8B4A-11D0-8D11-00A0C91BC942}") = "glslang", "core\deps\glslang\glslang\glslang.vcxproj", "{56F03963-D0A3-344C-947C-67EDE24BC2A7}"
	ProjectSection(ProjectDependencies) = postProject
		{1DF9914E-93F6-3D5B-B29F-27936A372E26} = {1DF9914E-93F6-3D5B-B29F-27936A372E26}
		{DF6F7D33-6E2F-35AA-9B5D-0AB7EDFA15D7} = {DF6F7D33-6E2F-35AA-9B5D-0AB7EDFA15D7}
		{88EC43D0-1323-3B86-87C8-FDA8E3858907} = {88EC43D0-1323-3B86-87C8-FDA8E3858907}
		{4A985F1E-7ECF-3E8C-A243-4214B930AF4B} = {4A985F1E-7ECF-3E8C-A243-4214B930AF4B}
	EndProjectSection
EndProject
Project("{8BC9CEB8-8B4A-11D0-8D11-00A0C91BC942}") = "libminiupnpc-static", "core\deps\miniupnpc\libminiupnpc-static.vcxproj", "{27AE822D-DB4A-3FC1-97A0-DBE00E5C7893}"
	ProjectSection(ProjectDependencies) = postProject
		{4A985F1E-7ECF-3E8C-A243-4214B930AF4B} = {4A985F1E-7ECF-3E8C-A243-4214B930AF4B}
	EndProjectSection
EndProject
Project("{8BC9CEB8-8B4A-11D0-8D11-00A0C91BC942}") = "lzma", "core\deps\libchdr\deps\lzma-19.00\lzma.vcxproj", "{D7912B82-8A38-38AC-84D3-F6CAB239CFF2}"
	ProjectSection(ProjectDependencies) = postProject
		{4A985F1E-7ECF-3E8C-A243-4214B930AF4B} = {4A985F1E-7ECF-3E8C-A243-4214B930AF4B}
	EndProjectSection
EndProject
Project("{8BC9CEB8-8B4A-11D0-8D11-00A0C91BC942}") = "volk", "core\deps\volk\volk.vcxproj", "{FF770069-2146-3AD2-A798-C487C79C12B0}"
	ProjectSection(ProjectDependencies) = postProject
		{4A985F1E-7ECF-3E8C-A243-4214B930AF4B} = {4A985F1E-7ECF-3E8C-A243-4214B930AF4B}
	EndProjectSection
EndProject
Project("{8BC9CEB8-8B4A-11D0-8D11-00A0C91BC942}") = "xxhash", "core\deps\xxHash\cmake_unofficial\xxhash.vcxproj", "{F36B27FF-711F-351A-893F-D468EEE561E0}"
	ProjectSection(ProjectDependencies) = postProject
		{4A985F1E-7ECF-3E8C-A243-4214B930AF4B} = {4A985F1E-7ECF-3E8C-A243-4214B930AF4B}
	EndProjectSection
EndProject
Project("{8BC9CEB8-8B4A-11D0-8D11-00A0C91BC942}") = "zip", "core\deps\libzip\lib\zip.vcxproj", "{53849AF5-CF44-3248-95C3-56B13CE4BC1F}"
	ProjectSection(ProjectDependencies) = postProject
		{4A985F1E-7ECF-3E8C-A243-4214B930AF4B} = {4A985F1E-7ECF-3E8C-A243-4214B930AF4B}
	EndProjectSection
EndProject
Project("{8BC9CEB8-8B4A-11D0-8D11-00A0C91BC942}") = "zlib", "core\deps\libchdr\deps\zlib-1.2.11\zlib.vcxproj", "{E34D8D16-FB59-3B71-910E-6ABF5BBB17A5}"
	ProjectSection(ProjectDependencies) = postProject
		{4A985F1E-7ECF-3E8C-A243-4214B930AF4B} = {4A985F1E-7ECF-3E8C-A243-4214B930AF4B}
	EndProjectSection
EndProject
Global
	GlobalSection(SolutionConfigurationPlatforms) = preSolution
		Debug|x64 = Debug|x64
		Release|x64 = Release|x64
		MinSizeRel|x64 = MinSizeRel|x64
		RelWithDebInfo|x64 = RelWithDebInfo|x64
	EndGlobalSection
	GlobalSection(ProjectConfigurationPlatforms) = postSolution
		{68B24FC4-7205-3D7C-9137-EA941926E10B}.Debug|x64.ActiveCfg = Debug|x64
		{68B24FC4-7205-3D7C-9137-EA941926E10B}.Debug|x64.Build.0 = Debug|x64
		{68B24FC4-7205-3D7C-9137-EA941926E10B}.Release|x64.ActiveCfg = Release|x64
		{68B24FC4-7205-3D7C-9137-EA941926E10B}.Release|x64.Build.0 = Release|x64
		{68B24FC4-7205-3D7C-9137-EA941926E10B}.MinSizeRel|x64.ActiveCfg = MinSizeRel|x64
		{68B24FC4-7205-3D7C-9137-EA941926E10B}.MinSizeRel|x64.Build.0 = MinSizeRel|x64
		{68B24FC4-7205-3D7C-9137-EA941926E10B}.RelWithDebInfo|x64.ActiveCfg = RelWithDebInfo|x64
		{68B24FC4-7205-3D7C-9137-EA941926E10B}.RelWithDebInfo|x64.Build.0 = RelWithDebInfo|x64
		{1DF9914E-93F6-3D5B-B29F-27936A372E26}.Debug|x64.ActiveCfg = Debug|x64
		{1DF9914E-93F6-3D5B-B29F-27936A372E26}.Debug|x64.Build.0 = Debug|x64
		{1DF9914E-93F6-3D5B-B29F-27936A372E26}.Release|x64.ActiveCfg = Release|x64
		{1DF9914E-93F6-3D5B-B29F-27936A372E26}.Release|x64.Build.0 = Release|x64
		{1DF9914E-93F6-3D5B-B29F-27936A372E26}.MinSizeRel|x64.ActiveCfg = MinSizeRel|x64
		{1DF9914E-93F6-3D5B-B29F-27936A372E26}.MinSizeRel|x64.Build.0 = MinSizeRel|x64
		{1DF9914E-93F6-3D5B-B29F-27936A372E26}.RelWithDebInfo|x64.ActiveCfg = RelWithDebInfo|x64
		{1DF9914E-93F6-3D5B-B29F-27936A372E26}.RelWithDebInfo|x64.Build.0 = RelWithDebInfo|x64
		{526E7EA7-414E-3A7C-A077-D74C2A46D6EB}.Debug|x64.ActiveCfg = Debug|x64
		{526E7EA7-414E-3A7C-A077-D74C2A46D6EB}.Release|x64.ActiveCfg = Release|x64
		{526E7EA7-414E-3A7C-A077-D74C2A46D6EB}.MinSizeRel|x64.ActiveCfg = MinSizeRel|x64
		{526E7EA7-414E-3A7C-A077-D74C2A46D6EB}.RelWithDebInfo|x64.ActiveCfg = RelWithDebInfo|x64
		{DF6F7D33-6E2F-35AA-9B5D-0AB7EDFA15D7}.Debug|x64.ActiveCfg = Debug|x64
		{DF6F7D33-6E2F-35AA-9B5D-0AB7EDFA15D7}.Debug|x64.Build.0 = Debug|x64
		{DF6F7D33-6E2F-35AA-9B5D-0AB7EDFA15D7}.Release|x64.ActiveCfg = Release|x64
		{DF6F7D33-6E2F-35AA-9B5D-0AB7EDFA15D7}.Release|x64.Build.0 = Release|x64
		{DF6F7D33-6E2F-35AA-9B5D-0AB7EDFA15D7}.MinSizeRel|x64.ActiveCfg = MinSizeRel|x64
		{DF6F7D33-6E2F-35AA-9B5D-0AB7EDFA15D7}.MinSizeRel|x64.Build.0 = MinSizeRel|x64
		{DF6F7D33-6E2F-35AA-9B5D-0AB7EDFA15D7}.RelWithDebInfo|x64.ActiveCfg = RelWithDebInfo|x64
		{DF6F7D33-6E2F-35AA-9B5D-0AB7EDFA15D7}.RelWithDebInfo|x64.Build.0 = RelWithDebInfo|x64
		{88EC43D0-1323-3B86-87C8-FDA8E3858907}.Debug|x64.ActiveCfg = Debug|x64
		{88EC43D0-1323-3B86-87C8-FDA8E3858907}.Debug|x64.Build.0 = Debug|x64
		{88EC43D0-1323-3B86-87C8-FDA8E3858907}.Release|x64.ActiveCfg = Release|x64
		{88EC43D0-1323-3B86-87C8-FDA8E3858907}.Release|x64.Build.0 = Release|x64
		{88EC43D0-1323-3B86-87C8-FDA8E3858907}.MinSizeRel|x64.ActiveCfg = MinSizeRel|x64
		{88EC43D0-1323-3B86-87C8-FDA8E3858907}.MinSizeRel|x64.Build.0 = MinSizeRel|x64
		{88EC43D0-1323-3B86-87C8-FDA8E3858907}.RelWithDebInfo|x64.ActiveCfg = RelWithDebInfo|x64
		{88EC43D0-1323-3B86-87C8-FDA8E3858907}.RelWithDebInfo|x64.Build.0 = RelWithDebInfo|x64
		{FE1BA1A1-7DF8-3B4E-8CC5-388211DBD398}.Debug|x64.ActiveCfg = Debug|x64
		{FE1BA1A1-7DF8-3B4E-8CC5-388211DBD398}.Debug|x64.Build.0 = Debug|x64
		{FE1BA1A1-7DF8-3B4E-8CC5-388211DBD398}.Release|x64.ActiveCfg = Release|x64
		{FE1BA1A1-7DF8-3B4E-8CC5-388211DBD398}.Release|x64.Build.0 = Release|x64
		{FE1BA1A1-7DF8-3B4E-8CC5-388211DBD398}.MinSizeRel|x64.ActiveCfg = MinSizeRel|x64
		{FE1BA1A1-7DF8-3B4E-8CC5-388211DBD398}.MinSizeRel|x64.Build.0 = MinSizeRel|x64
		{FE1BA1A1-7DF8-3B4E-8CC5-388211DBD398}.RelWithDebInfo|x64.ActiveCfg = RelWithDebInfo|x64
		{FE1BA1A1-7DF8-3B4E-8CC5-388211DBD398}.RelWithDebInfo|x64.Build.0 = RelWithDebInfo|x64
		{90FF5BCE-4954-31C5-938A-53CEDC2B6D5D}.Debug|x64.ActiveCfg = Debug|x64
		{90FF5BCE-4954-31C5-938A-53CEDC2B6D5D}.Debug|x64.Build.0 = Debug|x64
		{90FF5BCE-4954-31C5-938A-53CEDC2B6D5D}.Release|x64.ActiveCfg = Release|x64
		{90FF5BCE-4954-31C5-938A-53CEDC2B6D5D}.Release|x64.Build.0 = Release|x64
		{90FF5BCE-4954-31C5-938A-53CEDC2B6D5D}.MinSizeRel|x64.ActiveCfg = MinSizeRel|x64
		{90FF5BCE-4954-31C5-938A-53CEDC2B6D5D}.MinSizeRel|x64.Build.0 = MinSizeRel|x64
		{90FF5BCE-4954-31C5-938A-53CEDC2B6D5D}.RelWithDebInfo|x64.ActiveCfg = RelWithDebInfo|x64
		{90FF5BCE-4954-31C5-938A-53CEDC2B6D5D}.RelWithDebInfo|x64.Build.0 = RelWithDebInfo|x64
		{47CBD28D-F230-3A7B-B012-AD7244616443}.Debug|x64.ActiveCfg = Debug|x64
		{47CBD28D-F230-3A7B-B012-AD7244616443}.Debug|x64.Build.0 = Debug|x64
		{47CBD28D-F230-3A7B-B012-AD7244616443}.Release|x64.ActiveCfg = Release|x64
		{47CBD28D-F230-3A7B-B012-AD7244616443}.Release|x64.Build.0 = Release|x64
		{47CBD28D-F230-3A7B-B012-AD7244616443}.MinSizeRel|x64.ActiveCfg = MinSizeRel|x64
		{47CBD28D-F230-3A7B-B012-AD7244616443}.MinSizeRel|x64.Build.0 = MinSizeRel|x64
		{47CBD28D-F230-3A7B-B012-AD7244616443}.RelWithDebInfo|x64.ActiveCfg = RelWithDebInfo|x64
		{47CBD28D-F230-3A7B-B012-AD7244616443}.RelWithDebInfo|x64.Build.0 = RelWithDebInfo|x64
		{3367F841-B057-3BCB-ADF4-624E028C8E7B}.Debug|x64.ActiveCfg = Debug|x64
		{3367F841-B057-3BCB-ADF4-624E028C8E7B}.Debug|x64.Build.0 = Debug|x64
		{3367F841-B057-3BCB-ADF4-624E028C8E7B}.Release|x64.ActiveCfg = Release|x64
		{3367F841-B057-3BCB-ADF4-624E028C8E7B}.Release|x64.Build.0 = Release|x64
		{3367F841-B057-3BCB-ADF4-624E028C8E7B}.MinSizeRel|x64.ActiveCfg = MinSizeRel|x64
		{3367F841-B057-3BCB-ADF4-624E028C8E7B}.MinSizeRel|x64.Build.0 = MinSizeRel|x64
		{3367F841-B057-3BCB-ADF4-624E028C8E7B}.RelWithDebInfo|x64.ActiveCfg = RelWithDebInfo|x64
		{3367F841-B057-3BCB-ADF4-624E028C8E7B}.RelWithDebInfo|x64.Build.0 = RelWithDebInfo|x64
		{4A985F1E-7ECF-3E8C-A243-4214B930AF4B}.Debug|x64.ActiveCfg = Debug|x64
		{4A985F1E-7ECF-3E8C-A243-4214B930AF4B}.Debug|x64.Build.0 = Debug|x64
		{4A985F1E-7ECF-3E8C-A243-4214B930AF4B}.Release|x64.ActiveCfg = Release|x64
		{4A985F1E-7ECF-3E8C-A243-4214B930AF4B}.Release|x64.Build.0 = Release|x64
		{4A985F1E-7ECF-3E8C-A243-4214B930AF4B}.MinSizeRel|x64.ActiveCfg = MinSizeRel|x64
		{4A985F1E-7ECF-3E8C-A243-4214B930AF4B}.MinSizeRel|x64.Build.0 = MinSizeRel|x64
		{4A985F1E-7ECF-3E8C-A243-4214B930AF4B}.RelWithDebInfo|x64.ActiveCfg = RelWithDebInfo|x64
		{4A985F1E-7ECF-3E8C-A243-4214B930AF4B}.RelWithDebInfo|x64.Build.0 = RelWithDebInfo|x64
		{B957FFCA-E782-3434-8C5C-8C9860A4CFAE}.Debug|x64.ActiveCfg = Debug|x64
		{B957FFCA-E782-3434-8C5C-8C9860A4CFAE}.Debug|x64.Build.0 = Debug|x64
		{B957FFCA-E782-3434-8C5C-8C9860A4CFAE}.Release|x64.ActiveCfg = Release|x64
		{B957FFCA-E782-3434-8C5C-8C9860A4CFAE}.Release|x64.Build.0 = Release|x64
		{B957FFCA-E782-3434-8C5C-8C9860A4CFAE}.MinSizeRel|x64.ActiveCfg = MinSizeRel|x64
		{B957FFCA-E782-3434-8C5C-8C9860A4CFAE}.MinSizeRel|x64.Build.0 = MinSizeRel|x64
		{B957FFCA-E782-3434-8C5C-8C9860A4CFAE}.RelWithDebInfo|x64.ActiveCfg = RelWithDebInfo|x64
		{B957FFCA-E782-3434-8C5C-8C9860A4CFAE}.RelWithDebInfo|x64.Build.0 = RelWithDebInfo|x64
		{1EB12C70-84F5-33CB-BAA0-6BE65BDC0CE1}.Debug|x64.ActiveCfg = Debug|x64
		{1EB12C70-84F5-33CB-BAA0-6BE65BDC0CE1}.Debug|x64.Build.0 = Debug|x64
		{1EB12C70-84F5-33CB-BAA0-6BE65BDC0CE1}.Release|x64.ActiveCfg = Release|x64
		{1EB12C70-84F5-33CB-BAA0-6BE65BDC0CE1}.Release|x64.Build.0 = Release|x64
		{1EB12C70-84F5-33CB-BAA0-6BE65BDC0CE1}.MinSizeRel|x64.ActiveCfg = MinSizeRel|x64
		{1EB12C70-84F5-33CB-BAA0-6BE65BDC0CE1}.MinSizeRel|x64.Build.0 = MinSizeRel|x64
		{1EB12C70-84F5-33CB-BAA0-6BE65BDC0CE1}.RelWithDebInfo|x64.ActiveCfg = RelWithDebInfo|x64
		{1EB12C70-84F5-33CB-BAA0-6BE65BDC0CE1}.RelWithDebInfo|x64.Build.0 = RelWithDebInfo|x64
		{CA554E72-4A60-3EE7-8D08-476844B76125}.Debug|x64.ActiveCfg = Debug|x64
		{CA554E72-4A60-3EE7-8D08-476844B76125}.Release|x64.ActiveCfg = Release|x64
		{CA554E72-4A60-3EE7-8D08-476844B76125}.MinSizeRel|x64.ActiveCfg = MinSizeRel|x64
		{CA554E72-4A60-3EE7-8D08-476844B76125}.RelWithDebInfo|x64.ActiveCfg = RelWithDebInfo|x64
		{FE704DE2-0FD1-35C4-A3EB-95F4E7BBA4EC}.Debug|x64.ActiveCfg = Debug|x64
		{FE704DE2-0FD1-35C4-A3EB-95F4E7BBA4EC}.Debug|x64.Build.0 = Debug|x64
		{FE704DE2-0FD1-35C4-A3EB-95F4E7BBA4EC}.Release|x64.ActiveCfg = Release|x64
		{FE704DE2-0FD1-35C4-A3EB-95F4E7BBA4EC}.Release|x64.Build.0 = Release|x64
		{FE704DE2-0FD1-35C4-A3EB-95F4E7BBA4EC}.MinSizeRel|x64.ActiveCfg = MinSizeRel|x64
		{FE704DE2-0FD1-35C4-A3EB-95F4E7BBA4EC}.MinSizeRel|x64.Build.0 = MinSizeRel|x64
		{FE704DE2-0FD1-35C4-A3EB-95F4E7BBA4EC}.RelWithDebInfo|x64.ActiveCfg = RelWithDebInfo|x64
		{FE704DE2-0FD1-35C4-A3EB-95F4E7BBA4EC}.RelWithDebInfo|x64.Build.0 = RelWithDebInfo|x64
		{24A72216-6666-3119-92AA-29D4D6B8CA07}.Debug|x64.ActiveCfg = Debug|x64
		{24A72216-6666-3119-92AA-29D4D6B8CA07}.Debug|x64.Build.0 = Debug|x64
		{24A72216-6666-3119-92AA-29D4D6B8CA07}.Release|x64.ActiveCfg = Release|x64
		{24A72216-6666-3119-92AA-29D4D6B8CA07}.Release|x64.Build.0 = Release|x64
		{24A72216-6666-3119-92AA-29D4D6B8CA07}.MinSizeRel|x64.ActiveCfg = MinSizeRel|x64
		{24A72216-6666-3119-92AA-29D4D6B8CA07}.MinSizeRel|x64.Build.0 = MinSizeRel|x64
		{24A72216-6666-3119-92AA-29D4D6B8CA07}.RelWithDebInfo|x64.ActiveCfg = RelWithDebInfo|x64
		{24A72216-6666-3119-92AA-29D4D6B8CA07}.RelWithDebInfo|x64.Build.0 = RelWithDebInfo|x64
		{56F03963-D0A3-344C-947C-67EDE24BC2A7}.Debug|x64.ActiveCfg = Debug|x64
		{56F03963-D0A3-344C-947C-67EDE24BC2A7}.Debug|x64.Build.0 = Debug|x64
		{56F03963-D0A3-344C-947C-67EDE24BC2A7}.Release|x64.ActiveCfg = Release|x64
		{56F03963-D0A3-344C-947C-67EDE24BC2A7}.Release|x64.Build.0 = Release|x64
		{56F03963-D0A3-344C-947C-67EDE24BC2A7}.MinSizeRel|x64.ActiveCfg = MinSizeRel|x64
		{56F03963-D0A3-344C-947C-67EDE24BC2A7}.MinSizeRel|x64.Build.0 = MinSizeRel|x64
		{56F03963-D0A3-344C-947C-67EDE24BC2A7}.RelWithDebInfo|x64.ActiveCfg = RelWithDebInfo|x64
		{56F03963-D0A3-344C-947C-67EDE24BC2A7}.RelWithDebInfo|x64.Build.0 = RelWithDebInfo|x64
		{27AE822D-DB4A-3FC1-97A0-DBE00E5C7893}.Debug|x64.ActiveCfg = Debug|x64
		{27AE822D-DB4A-3FC1-97A0-DBE00E5C7893}.Debug|x64.Build.0 = Debug|x64
		{27AE822D-DB4A-3FC1-97A0-DBE00E5C7893}.Release|x64.ActiveCfg = Release|x64
		{27AE822D-DB4A-3FC1-97A0-DBE00E5C7893}.Release|x64.Build.0 = Release|x64
		{27AE822D-DB4A-3FC1-97A0-DBE00E5C7893}.MinSizeRel|x64.ActiveCfg = MinSizeRel|x64
		{27AE822D-DB4A-3FC1-97A0-DBE00E5C7893}.MinSizeRel|x64.Build.0 = MinSizeRel|x64
		{27AE822D-DB4A-3FC1-97A0-DBE00E5C7893}.RelWithDebInfo|x64.ActiveCfg = RelWithDebInfo|x64
		{27AE822D-DB4A-3FC1-97A0-DBE00E5C7893}.RelWithDebInfo|x64.Build.0 = RelWithDebInfo|x64
		{D7912B82-8A38-38AC-84D3-F6CAB239CFF2}.Debug|x64.ActiveCfg = Debug|x64
		{D7912B82-8A38-38AC-84D3-F6CAB239CFF2}.Debug|x64.Build.0 = Debug|x64
		{D7912B82-8A38-38AC-84D3-F6CAB239CFF2}.Release|x64.ActiveCfg = Release|x64
		{D7912B82-8A38-38AC-84D3-F6CAB239CFF2}.Release|x64.Build.0 = Release|x64
		{D7912B82-8A38-38AC-84D3-F6CAB239CFF2}.MinSizeRel|x64.ActiveCfg = MinSizeRel|x64
		{D7912B82-8A38-38AC-84D3-F6CAB239CFF2}.MinSizeRel|x64.Build.0 = MinSizeRel|x64
		{D7912B82-8A38-38AC-84D3-F6CAB239CFF2}.RelWithDebInfo|x64.ActiveCfg = RelWithDebInfo|x64
		{D7912B82-8A38-38AC-84D3-F6CAB239CFF2}.RelWithDebInfo|x64.Build.0 = RelWithDebInfo|x64
		{FF770069-2146-3AD2-A798-C487C79C12B0}.Debug|x64.ActiveCfg = Debug|x64
		{FF770069-2146-3AD2-A798-C487C79C12B0}.Debug|x64.Build.0 = Debug|x64
		{FF770069-2146-3AD2-A798-C487C79C12B0}.Release|x64.ActiveCfg = Release|x64
		{FF770069-2146-3AD2-A798-C487C79C12B0}.Release|x64.Build.0 = Release|x64
		{FF770069-2146-3AD2-A798-C487C79C12B0}.MinSizeRel|x64.ActiveCfg = MinSizeRel|x64
		{FF770069-2146-3AD2-A798-C487C79C12B0}.MinSizeRel|x64.Build.0 = MinSizeRel|x64
		{FF770069-2146-3AD2-A798-C487C79C12B0}.RelWithDebInfo|x64.ActiveCfg = RelWithDebInfo|x64
		{FF770069-2146-3AD2-A798-C487C79C12B0}.RelWithDebInfo|x64.Build.0 = RelWithDebInfo|x64
		{F36B27FF-711F-351A-893F-D468EEE561E0}.Debug|x64.ActiveCfg = Debug|x64
		{F36B27FF-711F-351A-893F-D468EEE561E0}.Debug|x64.Build.0 = Debug|x64
		{F36B27FF-711F-351A-893F-D468EEE561E0}.Release|x64.ActiveCfg = Release|x64
		{F36B27FF-711F-351A-893F-D468EEE561E0}.Release|x64.Build.0 = Release|x64
		{F36B27FF-711F-351A-893F-D468EEE561E0}.MinSizeRel|x64.ActiveCfg = MinSizeRel|x64
		{F36B27FF-711F-351A-893F-D468EEE561E0}.MinSizeRel|x64.Build.0 = MinSizeRel|x64
		{F36B27FF-711F-351A-893F-D468EEE561E0}.RelWithDebInfo|x64.ActiveCfg = RelWithDebInfo|x64
		{F36B27FF-711F-351A-893F-D468EEE561E0}.RelWithDebInfo|x64.Build.0 = RelWithDebInfo|x64
		{53849AF5-CF44-3248-95C3-56B13CE4BC1F}.Debug|x64.ActiveCfg = Debug|x64
		{53849AF5-CF44-3248-95C3-56B13CE4BC1F}.Debug|x64.Build.0 = Debug|x64
		{53849AF5-CF44-3248-95C3-56B13CE4BC1F}.Release|x64.ActiveCfg = Release|x64
		{53849AF5-CF44-3248-95C3-56B13CE4BC1F}.Release|x64.Build.0 = Release|x64
		{53849AF5-CF44-3248-95C3-56B13CE4BC1F}.MinSizeRel|x64.ActiveCfg = MinSizeRel|x64
		{53849AF5-CF44-3248-95C3-56B13CE4BC1F}.MinSizeRel|x64.Build.0 = MinSizeRel|x64
		{53849AF5-CF44-3248-95C3-56B13CE4BC1F}.RelWithDebInfo|x64.ActiveCfg = RelWithDebInfo|x64
		{53849AF5-CF44-3248-95C3-56B13CE4BC1F}.RelWithDebInfo|x64.Build.0 = RelWithDebInfo|x64
		{E34D8D16-FB59-3B71-910E-6ABF5BBB17A5}.Debug|x64.ActiveCfg = Debug|x64
		{E34D8D16-FB59-3B71-910E-6ABF5BBB17A5}.Debug|x64.Build.0 = Debug|x64
		{E34D8D16-FB59-3B71-910E-6ABF5BBB17A5}.Release|x64.ActiveCfg = Release|x64
		{E34D8D16-FB59-3B71-910E-6ABF5BBB17A5}.Release|x64.Build.0 = Release|x64
		{E34D8D16-FB59-3B71-910E-6ABF5BBB17A5}.MinSizeRel|x64.ActiveCfg = MinSizeRel|x64
		{E34D8D16-FB59-3B71-910E-6ABF5BBB17A5}.MinSizeRel|x64.Build.0 = MinSizeRel|x64
		{E34D8D16-FB59-3B71-910E-6ABF5BBB17A5}.RelWithDebInfo|x64.ActiveCfg = RelWithDebInfo|x64
		{E34D8D16-FB59-3B71-910E-6ABF5BBB17A5}.RelWithDebInfo|x64.Build.0 = RelWithDebInfo|x64
	EndGlobalSection
	GlobalSection(NestedProjects) = preSolution
		{68B24FC4-7205-3D7C-9137-EA941926E10B} = {0CA43EC3-AD01-3E43-B0F1-4E79B37EC3F5}
		{526E7EA7-414E-3A7C-A077-D74C2A46D6EB} = {0CA43EC3-AD01-3E43-B0F1-4E79B37EC3F5}
		{4A985F1E-7ECF-3E8C-A243-4214B930AF4B} = {0CA43EC3-AD01-3E43-B0F1-4E79B37EC3F5}
		{DF6F7D33-6E2F-35AA-9B5D-0AB7EDFA15D7} = {2CA238FB-4FE5-3725-A7AE-81014CA9B455}
		{88EC43D0-1323-3B86-87C8-FDA8E3858907} = {2CA238FB-4FE5-3725-A7AE-81014CA9B455}
		{90FF5BCE-4954-31C5-938A-53CEDC2B6D5D} = {2CA238FB-4FE5-3725-A7AE-81014CA9B455}
		{56F03963-D0A3-344C-947C-67EDE24BC2A7} = {2CA238FB-4FE5-3725-A7AE-81014CA9B455}
		{1DF9914E-93F6-3D5B-B29F-27936A372E26} = {670A4B4B-DC90-3433-96EB-804472DE8297}
	EndGlobalSection
	GlobalSection(ExtensibilityGlobals) = postSolution
		SolutionGuid = {1E2FF629-5A0A-3083-91BD-DDAC902EE407}
	EndGlobalSection
	GlobalSection(ExtensibilityAddIns) = postSolution
	EndGlobalSection
EndGlobal
