
Microsoft Visual Studio Solution File, Format Version 12.00
# Visual Studio Version 16
VisualStudioVersion = 16.0.30717.126
MinimumVisualStudioVersion = 10.0.40219.1
Project("{2150E333-8FDC-42A3-9474-1A3956D46DE8}") = "CMakePredefinedTargets", "CMakePredefinedTargets", "{0CA43EC3-AD01-3E43-B0F1-4E79B37EC3F5}"
EndProject
Project("{2150E333-8FDC-42A3-9474-1A3956D46DE8}") = "glslang", "glslang", "{2CA238FB-4FE5-3725-A7AE-81014CA9B455}"
EndProject
Project("{2150E333-8FDC-42A3-9474-1A3956D46DE8}") = "hlsl", "hlsl", "{670A4B4B-DC90-3433-96EB-804472DE8297}"
EndProject
Project("{2150E333-8FDC-42A3-9474-1A3956D46DE8}") = "tools", "tools", "{D2614DF8-F22D-35BD-83BF-FA6B342FE3EE}"
EndProject
Project("{8BC9CEB8-8B4A-11D0-8D11-00A0C91BC942}") = "ALL_BUILD", "ALL_BUILD.vcxproj", "{68B24FC4-7205-3D7C-9137-EA941926E10B}"
	ProjectSection(ProjectDependencies) = postProject
		{24A72216-6666-3119-92AA-29D4D6B8CA07} = {24A72216-6666-3119-92AA-29D4D6B8CA07}
		{E34D8D16-FB59-3B71-910E-6ABF5BBB17A5} = {E34D8D16-FB59-3B71-910E-6ABF5BBB17A5}
		{4A985F1E-7ECF-3E8C-A243-4214B930AF4B} = {4A985F1E-7ECF-3E8C-A243-4214B930AF4B}
		{27AE822D-DB4A-3FC1-97A0-DBE00E5C7893} = {27AE822D-DB4A-3FC1-97A0-DBE00E5C7893}
		{DF6F7D33-6E2F-35AA-9B5D-0AB7EDFA15D7} = {DF6F7D33-6E2F-35AA-9B5D-0AB7EDFA15D7}
		{1DF9914E-93F6-3D5B-B29F-27936A372E26} = {1DF9914E-93F6-3D5B-B29F-27936A372E26}
		{72EB0C55-9311-3624-BE14-F72F1BE2D2B2} = {72EB0C55-9311-3624-BE14-F72F1BE2D2B2}
		{56F03963-D0A3-344C-947C-67EDE24BC2A7} = {56F03963-D0A3-344C-947C-67EDE24BC2A7}
		{FF770069-2146-3AD2-A798-C487C79C12B0} = {FF770069-2146-3AD2-A798-C487C79C12B0}
		{23F9AB79-49C4-3658-B760-40153472F3ED} = {23F9AB79-49C4-3658-B760-40153472F3ED}
		{00532BA4-2F00-3078-BD96-0C9B632361AB} = {00532BA4-2F00-3078-BD96-0C9B632361AB}
		{B95427C7-2EE1-3DF3-9258-72E544096731} = {B95427C7-2EE1-3DF3-9258-72E544096731}
		{90FF5BCE-4954-31C5-938A-53CEDC2B6D5D} = {90FF5BCE-4954-31C5-938A-53CEDC2B6D5D}
		{88EC43D0-1323-3B86-87C8-FDA8E3858907} = {88EC43D0-1323-3B86-87C8-FDA8E3858907}
		{2E1E81DF-3A31-3577-873C-AC0BBC70A002} = {2E1E81DF-3A31-3577-873C-AC0BBC70A002}
		{843142EC-D588-3430-9A9E-0E5C474449C1} = {843142EC-D588-3430-9A9E-0E5C474449C1}
		{450BBFEE-EB2C-3006-92EB-B53FC2B4C090} = {450BBFEE-EB2C-3006-92EB-B53FC2B4C090}
		{F36B27FF-711F-351A-893F-D468EEE561E0} = {F36B27FF-711F-351A-893F-D468EEE561E0}
	EndProjectSection
EndProject
Project("{8BC9CEB8-8B4A-11D0-8D11-00A0C91BC942}") = "HLSL", "core\deps\glslang\hlsl\HLSL.vcxproj", "{1DF9914E-93F6-3D5B-B29F-27936A372E26}"
	ProjectSection(ProjectDependencies) = postProject
		{4A985F1E-7ECF-3E8C-A243-4214B930AF4B} = {4A985F1E-7ECF-3E8C-A243-4214B930AF4B}
	EndProjectSection
EndProject
Project("{8BC9CEB8-8B4A-11D0-8D11-00A0C91BC942}") = "INSTALL", "INSTALL.vcxproj", "{526E7EA7-414E-3A7C-A077-D74C2A46D6EB}"
	ProjectSection(ProjectDependencies) = postProject
		{4A985F1E-7ECF-3E8C-A243-4214B930AF4B} = {4A985F1E-7ECF-3E8C-A243-4214B930AF4B}
		{68B24FC4-7205-3D7C-9137-EA941926E10B} = {68B24FC4-7205-3D7C-9137-EA941926E10B}
	EndProjectSection
EndProject
Project("{8BC9CEB8-8B4A-11D0-8D11-00A0C91BC942}") = "OGLCompiler", "core\deps\glslang\OGLCompilersDLL\OGLCompiler.vcxproj", "{DF6F7D33-6E2F-35AA-9B5D-0AB7EDFA15D7}"
	ProjectSection(ProjectDependencies) = postProject
		{4A985F1E-7ECF-3E8C-A243-4214B930AF4B} = {4A985F1E-7ECF-3E8C-A243-4214B930AF4B}
	EndProjectSection
EndProject
Project("{8BC9CEB8-8B4A-11D0-8D11-00A0C91BC942}") = "OSDependent", "core\deps\glslang\glslang\OSDependent\Windows\OSDependent.vcxproj", "{88EC43D0-1323-3B86-87C8-FDA8E3858907}"
	ProjectSection(ProjectDependencies) = postProject
		{4A985F1E-7ECF-3E8C-A243-4214B930AF4B} = {4A985F1E-7ECF-3E8C-A243-4214B930AF4B}
	EndProjectSection
EndProject
Project("{8BC9CEB8-8B4A-11D0-8D11-00A0C91BC942}") = "SPIRV", "core\deps\glslang\SPIRV\SPIRV.vcxproj", "{90FF5BCE-4954-31C5-938A-53CEDC2B6D5D}"
	ProjectSection(ProjectDependencies) = postProject
		{4A985F1E-7ECF-3E8C-A243-4214B930AF4B} = {4A985F1E-7ECF-3E8C-A243-4214B930AF4B}
		{DF6F7D33-6E2F-35AA-9B5D-0AB7EDFA15D7} = {DF6F7D33-6E2F-35AA-9B5D-0AB7EDFA15D7}
		{1DF9914E-93F6-3D5B-B29F-27936A372E26} = {1DF9914E-93F6-3D5B-B29F-27936A372E26}
		{56F03963-D0A3-344C-947C-67EDE24BC2A7} = {56F03963-D0A3-344C-947C-67EDE24BC2A7}
		{88EC43D0-1323-3B86-87C8-FDA8E3858907} = {88EC43D0-1323-3B86-87C8-FDA8E3858907}
	EndProjectSection
EndProject
Project("{8BC9CEB8-8B4A-11D0-8D11-00A0C91BC942}") = "SPVRemapper", "core\deps\glslang\SPIRV\SPVRemapper.vcxproj", "{843142EC-D588-3430-9A9E-0E5C474449C1}"
	ProjectSection(ProjectDependencies) = postProject
		{4A985F1E-7ECF-3E8C-A243-4214B930AF4B} = {4A985F1E-7ECF-3E8C-A243-4214B930AF4B}
	EndProjectSection
EndProject
Project("{8BC9CEB8-8B4A-11D0-8D11-00A0C91BC942}") = "ZERO_CHECK", "ZERO_CHECK.vcxproj", "{4A985F1E-7ECF-3E8C-A243-4214B930AF4B}"
EndProject
Project("{8BC9CEB8-8B4A-11D0-8D11-00A0C91BC942}") = "example", "core\deps\zlib\example.vcxproj", "{B95427C7-2EE1-3DF3-9258-72E544096731}"
	ProjectSection(ProjectDependencies) = postProject
		{E34D8D16-FB59-3B71-910E-6ABF5BBB17A5} = {E34D8D16-FB59-3B71-910E-6ABF5BBB17A5}
		{4A985F1E-7ECF-3E8C-A243-4214B930AF4B} = {4A985F1E-7ECF-3E8C-A243-4214B930AF4B}
	EndProjectSection
EndProject
Project("{8BC9CEB8-8B4A-11D0-8D11-00A0C91BC942}") = "flycast", "flycast.vcxproj", "{24A72216-6666-3119-92AA-29D4D6B8CA07}"
	ProjectSection(ProjectDependencies) = postProject
		{4A985F1E-7ECF-3E8C-A243-4214B930AF4B} = {4A985F1E-7ECF-3E8C-A243-4214B930AF4B}
		{27AE822D-DB4A-3FC1-97A0-DBE00E5C7893} = {27AE822D-DB4A-3FC1-97A0-DBE00E5C7893}
		{DF6F7D33-6E2F-35AA-9B5D-0AB7EDFA15D7} = {DF6F7D33-6E2F-35AA-9B5D-0AB7EDFA15D7}
		{E0943F3F-886F-4B60-AD92-7293E3E83531} = {E0943F3F-886F-4B60-AD92-7293E3E83531}
		{1DF9914E-93F6-3D5B-B29F-27936A372E26} = {1DF9914E-93F6-3D5B-B29F-27936A372E26}
		{F41AED5D-1DA5-44D8-82ED-8FD38C274627} = {F41AED5D-1DA5-44D8-82ED-8FD38C274627}
		{56F03963-D0A3-344C-947C-67EDE24BC2A7} = {56F03963-D0A3-344C-947C-67EDE24BC2A7}
		{FF770069-2146-3AD2-A798-C487C79C12B0} = {FF770069-2146-3AD2-A798-C487C79C12B0}
		{467959CB-FBFF-49AB-A26F-F8FF004A0408} = {467959CB-FBFF-49AB-A26F-F8FF004A0408}
		{90FF5BCE-4954-31C5-938A-53CEDC2B6D5D} = {90FF5BCE-4954-31C5-938A-53CEDC2B6D5D}
		{88EC43D0-1323-3B86-87C8-FDA8E3858907} = {88EC43D0-1323-3B86-87C8-FDA8E3858907}
		{2E1E81DF-3A31-3577-873C-AC0BBC70A002} = {2E1E81DF-3A31-3577-873C-AC0BBC70A002}
		{E18E5CF4-8827-432E-91C7-DFF9AE15CCF6} = {E18E5CF4-8827-432E-91C7-DFF9AE15CCF6}
		{F36B27FF-711F-351A-893F-D468EEE561E0} = {F36B27FF-711F-351A-893F-D468EEE561E0}
	EndProjectSection
EndProject
Project("{8BC9CEB8-8B4A-11D0-8D11-00A0C91BC942}") = "glslang", "core\deps\glslang\glslang\glslang.vcxproj", "{56F03963-D0A3-344C-947C-67EDE24BC2A7}"
	ProjectSection(ProjectDependencies) = postProject
		{4A985F1E-7ECF-3E8C-A243-4214B930AF4B} = {4A985F1E-7ECF-3E8C-A243-4214B930AF4B}
		{DF6F7D33-6E2F-35AA-9B5D-0AB7EDFA15D7} = {DF6F7D33-6E2F-35AA-9B5D-0AB7EDFA15D7}
		{1DF9914E-93F6-3D5B-B29F-27936A372E26} = {1DF9914E-93F6-3D5B-B29F-27936A372E26}
		{88EC43D0-1323-3B86-87C8-FDA8E3858907} = {88EC43D0-1323-3B86-87C8-FDA8E3858907}
	EndProjectSection
EndProject
Project("{8BC9CEB8-8B4A-11D0-8D11-00A0C91BC942}") = "glslang-default-resource-limits", "core\deps\glslang\StandAlone\glslang-default-resource-limits.vcxproj", "{23F9AB79-49C4-3658-B760-40153472F3ED}"
	ProjectSection(ProjectDependencies) = postProject
		{4A985F1E-7ECF-3E8C-A243-4214B930AF4B} = {4A985F1E-7ECF-3E8C-A243-4214B930AF4B}
	EndProjectSection
EndProject
Project("{8BC9CEB8-8B4A-11D0-8D11-00A0C91BC942}") = "glslangValidator", "core\deps\glslang\StandAlone\glslangValidator.vcxproj", "{00532BA4-2F00-3078-BD96-0C9B632361AB}"
	ProjectSection(ProjectDependencies) = postProject
		{4A985F1E-7ECF-3E8C-A243-4214B930AF4B} = {4A985F1E-7ECF-3E8C-A243-4214B930AF4B}
		{DF6F7D33-6E2F-35AA-9B5D-0AB7EDFA15D7} = {DF6F7D33-6E2F-35AA-9B5D-0AB7EDFA15D7}
		{1DF9914E-93F6-3D5B-B29F-27936A372E26} = {1DF9914E-93F6-3D5B-B29F-27936A372E26}
		{56F03963-D0A3-344C-947C-67EDE24BC2A7} = {56F03963-D0A3-344C-947C-67EDE24BC2A7}
		{23F9AB79-49C4-3658-B760-40153472F3ED} = {23F9AB79-49C4-3658-B760-40153472F3ED}
		{90FF5BCE-4954-31C5-938A-53CEDC2B6D5D} = {90FF5BCE-4954-31C5-938A-53CEDC2B6D5D}
		{88EC43D0-1323-3B86-87C8-FDA8E3858907} = {88EC43D0-1323-3B86-87C8-FDA8E3858907}
		{843142EC-D588-3430-9A9E-0E5C474449C1} = {843142EC-D588-3430-9A9E-0E5C474449C1}
	EndProjectSection
EndProject
Project("{8BC9CEB8-8B4A-11D0-8D11-00A0C91BC942}") = "libminiupnpc-static", "core\deps\miniupnpc\libminiupnpc-static.vcxproj", "{27AE822D-DB4A-3FC1-97A0-DBE00E5C7893}"
	ProjectSection(ProjectDependencies) = postProject
		{4A985F1E-7ECF-3E8C-A243-4214B930AF4B} = {4A985F1E-7ECF-3E8C-A243-4214B930AF4B}
	EndProjectSection
EndProject
Project("{8BC9CEB8-8B4A-11D0-8D11-00A0C91BC942}") = "minigzip", "core\deps\zlib\minigzip.vcxproj", "{450BBFEE-EB2C-3006-92EB-B53FC2B4C090}"
	ProjectSection(ProjectDependencies) = postProject
		{E34D8D16-FB59-3B71-910E-6ABF5BBB17A5} = {E34D8D16-FB59-3B71-910E-6ABF5BBB17A5}
		{4A985F1E-7ECF-3E8C-A243-4214B930AF4B} = {4A985F1E-7ECF-3E8C-A243-4214B930AF4B}
	EndProjectSection
EndProject
Project("{8BC9CEB8-8B4A-11D0-8D11-00A0C91BC942}") = "spirv-remap", "core\deps\glslang\StandAlone\spirv-remap.vcxproj", "{72EB0C55-9311-3624-BE14-F72F1BE2D2B2}"
	ProjectSection(ProjectDependencies) = postProject
		{4A985F1E-7ECF-3E8C-A243-4214B930AF4B} = {4A985F1E-7ECF-3E8C-A243-4214B930AF4B}
		{DF6F7D33-6E2F-35AA-9B5D-0AB7EDFA15D7} = {DF6F7D33-6E2F-35AA-9B5D-0AB7EDFA15D7}
		{1DF9914E-93F6-3D5B-B29F-27936A372E26} = {1DF9914E-93F6-3D5B-B29F-27936A372E26}
		{56F03963-D0A3-344C-947C-67EDE24BC2A7} = {56F03963-D0A3-344C-947C-67EDE24BC2A7}
		{23F9AB79-49C4-3658-B760-40153472F3ED} = {23F9AB79-49C4-3658-B760-40153472F3ED}
		{90FF5BCE-4954-31C5-938A-53CEDC2B6D5D} = {90FF5BCE-4954-31C5-938A-53CEDC2B6D5D}
		{88EC43D0-1323-3B86-87C8-FDA8E3858907} = {88EC43D0-1323-3B86-87C8-FDA8E3858907}
		{843142EC-D588-3430-9A9E-0E5C474449C1} = {843142EC-D588-3430-9A9E-0E5C474449C1}
	EndProjectSection
EndProject
Project("{8BC9CEB8-8B4A-11D0-8D11-00A0C91BC942}") = "volk", "core\deps\volk\volk.vcxproj", "{FF770069-2146-3AD2-A798-C487C79C12B0}"
	ProjectSection(ProjectDependencies) = postProject
		{4A985F1E-7ECF-3E8C-A243-4214B930AF4B} = {4A985F1E-7ECF-3E8C-A243-4214B930AF4B}
	EndProjectSection
EndProject
Project("{8BC9CEB8-8B4A-11D0-8D11-00A0C91BC942}") = "xxhash", "core\deps\xxHash\cmake_unofficial\xxhash.vcxproj", "{F36B27FF-711F-351A-893F-D468EEE561E0}"
	ProjectSection(ProjectDependencies) = postProject
		{4A985F1E-7ECF-3E8C-A243-4214B930AF4B} = {4A985F1E-7ECF-3E8C-A243-4214B930AF4B}
	EndProjectSection
EndProject
Project("{8BC9CEB8-8B4A-11D0-8D11-00A0C91BC942}") = "zlib", "core\deps\zlib\zlib.vcxproj", "{E34D8D16-FB59-3B71-910E-6ABF5BBB17A5}"
	ProjectSection(ProjectDependencies) = postProject
		{4A985F1E-7ECF-3E8C-A243-4214B930AF4B} = {4A985F1E-7ECF-3E8C-A243-4214B930AF4B}
	EndProjectSection
EndProject
Project("{8BC9CEB8-8B4A-11D0-8D11-00A0C91BC942}") = "zlibstatic", "core\deps\zlib\zlibstatic.vcxproj", "{2E1E81DF-3A31-3577-873C-AC0BBC70A002}"
	ProjectSection(ProjectDependencies) = postProject
		{4A985F1E-7ECF-3E8C-A243-4214B930AF4B} = {4A985F1E-7ECF-3E8C-A243-4214B930AF4B}
	EndProjectSection
EndProject
Project("{9A19103F-16F7-4668-BE54-9A1E7A4F7556}") = "Common", "..\..\RTCV\Source\Libraries\Common\Common.csproj", "{467959CB-FBFF-49AB-A26F-F8FF004A0408}"
EndProject
Project("{9A19103F-16F7-4668-BE54-9A1E7A4F7556}") = "CorruptCore", "..\..\RTCV\Source\Libraries\CorruptCore\CorruptCore.csproj", "{E18E5CF4-8827-432E-91C7-DFF9AE15CCF6}"
EndProject
Project("{9A19103F-16F7-4668-BE54-9A1E7A4F7556}") = "NetCore", "..\..\RTCV\Source\Libraries\NetCore\NetCore.csproj", "{F41AED5D-1DA5-44D8-82ED-8FD38C274627}"
EndProject
Project("{9A19103F-16F7-4668-BE54-9A1E7A4F7556}") = "Vanguard", "..\..\RTCV\Source\Libraries\Vanguard\Vanguard.csproj", "{E0943F3F-886F-4B60-AD92-7293E3E83531}"
EndProject
Global
	GlobalSection(SolutionConfigurationPlatforms) = preSolution
		Debug|Any CPU = Debug|Any CPU
		Debug|x64 = Debug|x64
		MinSizeRel|Any CPU = MinSizeRel|Any CPU
		MinSizeRel|x64 = MinSizeRel|x64
		Release|Any CPU = Release|Any CPU
		Release|x64 = Release|x64
		RelWithDebInfo|Any CPU = RelWithDebInfo|Any CPU
		RelWithDebInfo|x64 = RelWithDebInfo|x64
	EndGlobalSection
	GlobalSection(ProjectConfigurationPlatforms) = postSolution
		{68B24FC4-7205-3D7C-9137-EA941926E10B}.Debug|Any CPU.ActiveCfg = Debug|x64
		{68B24FC4-7205-3D7C-9137-EA941926E10B}.Debug|x64.ActiveCfg = Debug|x64
		{68B24FC4-7205-3D7C-9137-EA941926E10B}.Debug|x64.Build.0 = Debug|x64
		{68B24FC4-7205-3D7C-9137-EA941926E10B}.MinSizeRel|Any CPU.ActiveCfg = MinSizeRel|x64
		{68B24FC4-7205-3D7C-9137-EA941926E10B}.MinSizeRel|x64.ActiveCfg = MinSizeRel|x64
		{68B24FC4-7205-3D7C-9137-EA941926E10B}.MinSizeRel|x64.Build.0 = MinSizeRel|x64
		{68B24FC4-7205-3D7C-9137-EA941926E10B}.Release|Any CPU.ActiveCfg = Release|x64
		{68B24FC4-7205-3D7C-9137-EA941926E10B}.Release|x64.ActiveCfg = Release|x64
		{68B24FC4-7205-3D7C-9137-EA941926E10B}.Release|x64.Build.0 = Release|x64
		{68B24FC4-7205-3D7C-9137-EA941926E10B}.RelWithDebInfo|Any CPU.ActiveCfg = RelWithDebInfo|x64
		{68B24FC4-7205-3D7C-9137-EA941926E10B}.RelWithDebInfo|x64.ActiveCfg = RelWithDebInfo|x64
		{68B24FC4-7205-3D7C-9137-EA941926E10B}.RelWithDebInfo|x64.Build.0 = RelWithDebInfo|x64
		{1DF9914E-93F6-3D5B-B29F-27936A372E26}.Debug|Any CPU.ActiveCfg = Debug|x64
		{1DF9914E-93F6-3D5B-B29F-27936A372E26}.Debug|x64.ActiveCfg = Debug|x64
		{1DF9914E-93F6-3D5B-B29F-27936A372E26}.Debug|x64.Build.0 = Debug|x64
		{1DF9914E-93F6-3D5B-B29F-27936A372E26}.MinSizeRel|Any CPU.ActiveCfg = MinSizeRel|x64
		{1DF9914E-93F6-3D5B-B29F-27936A372E26}.MinSizeRel|x64.ActiveCfg = MinSizeRel|x64
		{1DF9914E-93F6-3D5B-B29F-27936A372E26}.MinSizeRel|x64.Build.0 = MinSizeRel|x64
		{1DF9914E-93F6-3D5B-B29F-27936A372E26}.Release|Any CPU.ActiveCfg = Release|x64
		{1DF9914E-93F6-3D5B-B29F-27936A372E26}.Release|x64.ActiveCfg = Release|x64
		{1DF9914E-93F6-3D5B-B29F-27936A372E26}.Release|x64.Build.0 = Release|x64
		{1DF9914E-93F6-3D5B-B29F-27936A372E26}.RelWithDebInfo|Any CPU.ActiveCfg = RelWithDebInfo|x64
		{1DF9914E-93F6-3D5B-B29F-27936A372E26}.RelWithDebInfo|x64.ActiveCfg = RelWithDebInfo|x64
		{1DF9914E-93F6-3D5B-B29F-27936A372E26}.RelWithDebInfo|x64.Build.0 = RelWithDebInfo|x64
		{526E7EA7-414E-3A7C-A077-D74C2A46D6EB}.Debug|Any CPU.ActiveCfg = Debug|x64
		{526E7EA7-414E-3A7C-A077-D74C2A46D6EB}.Debug|x64.ActiveCfg = Debug|x64
		{526E7EA7-414E-3A7C-A077-D74C2A46D6EB}.MinSizeRel|Any CPU.ActiveCfg = MinSizeRel|x64
		{526E7EA7-414E-3A7C-A077-D74C2A46D6EB}.MinSizeRel|x64.ActiveCfg = MinSizeRel|x64
		{526E7EA7-414E-3A7C-A077-D74C2A46D6EB}.Release|Any CPU.ActiveCfg = Release|x64
		{526E7EA7-414E-3A7C-A077-D74C2A46D6EB}.Release|x64.ActiveCfg = Release|x64
		{526E7EA7-414E-3A7C-A077-D74C2A46D6EB}.RelWithDebInfo|Any CPU.ActiveCfg = RelWithDebInfo|x64
		{526E7EA7-414E-3A7C-A077-D74C2A46D6EB}.RelWithDebInfo|x64.ActiveCfg = RelWithDebInfo|x64
		{DF6F7D33-6E2F-35AA-9B5D-0AB7EDFA15D7}.Debug|Any CPU.ActiveCfg = Debug|x64
		{DF6F7D33-6E2F-35AA-9B5D-0AB7EDFA15D7}.Debug|x64.ActiveCfg = Debug|x64
		{DF6F7D33-6E2F-35AA-9B5D-0AB7EDFA15D7}.Debug|x64.Build.0 = Debug|x64
		{DF6F7D33-6E2F-35AA-9B5D-0AB7EDFA15D7}.MinSizeRel|Any CPU.ActiveCfg = MinSizeRel|x64
		{DF6F7D33-6E2F-35AA-9B5D-0AB7EDFA15D7}.MinSizeRel|x64.ActiveCfg = MinSizeRel|x64
		{DF6F7D33-6E2F-35AA-9B5D-0AB7EDFA15D7}.MinSizeRel|x64.Build.0 = MinSizeRel|x64
		{DF6F7D33-6E2F-35AA-9B5D-0AB7EDFA15D7}.Release|Any CPU.ActiveCfg = Release|x64
		{DF6F7D33-6E2F-35AA-9B5D-0AB7EDFA15D7}.Release|x64.ActiveCfg = Release|x64
		{DF6F7D33-6E2F-35AA-9B5D-0AB7EDFA15D7}.Release|x64.Build.0 = Release|x64
		{DF6F7D33-6E2F-35AA-9B5D-0AB7EDFA15D7}.RelWithDebInfo|Any CPU.ActiveCfg = RelWithDebInfo|x64
		{DF6F7D33-6E2F-35AA-9B5D-0AB7EDFA15D7}.RelWithDebInfo|x64.ActiveCfg = RelWithDebInfo|x64
		{DF6F7D33-6E2F-35AA-9B5D-0AB7EDFA15D7}.RelWithDebInfo|x64.Build.0 = RelWithDebInfo|x64
		{88EC43D0-1323-3B86-87C8-FDA8E3858907}.Debug|Any CPU.ActiveCfg = Debug|x64
		{88EC43D0-1323-3B86-87C8-FDA8E3858907}.Debug|x64.ActiveCfg = Debug|x64
		{88EC43D0-1323-3B86-87C8-FDA8E3858907}.Debug|x64.Build.0 = Debug|x64
		{88EC43D0-1323-3B86-87C8-FDA8E3858907}.MinSizeRel|Any CPU.ActiveCfg = MinSizeRel|x64
		{88EC43D0-1323-3B86-87C8-FDA8E3858907}.MinSizeRel|x64.ActiveCfg = MinSizeRel|x64
		{88EC43D0-1323-3B86-87C8-FDA8E3858907}.MinSizeRel|x64.Build.0 = MinSizeRel|x64
		{88EC43D0-1323-3B86-87C8-FDA8E3858907}.Release|Any CPU.ActiveCfg = Release|x64
		{88EC43D0-1323-3B86-87C8-FDA8E3858907}.Release|x64.ActiveCfg = Release|x64
		{88EC43D0-1323-3B86-87C8-FDA8E3858907}.Release|x64.Build.0 = Release|x64
		{88EC43D0-1323-3B86-87C8-FDA8E3858907}.RelWithDebInfo|Any CPU.ActiveCfg = RelWithDebInfo|x64
		{88EC43D0-1323-3B86-87C8-FDA8E3858907}.RelWithDebInfo|x64.ActiveCfg = RelWithDebInfo|x64
		{88EC43D0-1323-3B86-87C8-FDA8E3858907}.RelWithDebInfo|x64.Build.0 = RelWithDebInfo|x64
		{90FF5BCE-4954-31C5-938A-53CEDC2B6D5D}.Debug|Any CPU.ActiveCfg = Debug|x64
		{90FF5BCE-4954-31C5-938A-53CEDC2B6D5D}.Debug|x64.ActiveCfg = Debug|x64
		{90FF5BCE-4954-31C5-938A-53CEDC2B6D5D}.Debug|x64.Build.0 = Debug|x64
		{90FF5BCE-4954-31C5-938A-53CEDC2B6D5D}.MinSizeRel|Any CPU.ActiveCfg = MinSizeRel|x64
		{90FF5BCE-4954-31C5-938A-53CEDC2B6D5D}.MinSizeRel|x64.ActiveCfg = MinSizeRel|x64
		{90FF5BCE-4954-31C5-938A-53CEDC2B6D5D}.MinSizeRel|x64.Build.0 = MinSizeRel|x64
		{90FF5BCE-4954-31C5-938A-53CEDC2B6D5D}.Release|Any CPU.ActiveCfg = Release|x64
		{90FF5BCE-4954-31C5-938A-53CEDC2B6D5D}.Release|x64.ActiveCfg = Release|x64
		{90FF5BCE-4954-31C5-938A-53CEDC2B6D5D}.Release|x64.Build.0 = Release|x64
		{90FF5BCE-4954-31C5-938A-53CEDC2B6D5D}.RelWithDebInfo|Any CPU.ActiveCfg = RelWithDebInfo|x64
		{90FF5BCE-4954-31C5-938A-53CEDC2B6D5D}.RelWithDebInfo|x64.ActiveCfg = RelWithDebInfo|x64
		{90FF5BCE-4954-31C5-938A-53CEDC2B6D5D}.RelWithDebInfo|x64.Build.0 = RelWithDebInfo|x64
		{843142EC-D588-3430-9A9E-0E5C474449C1}.Debug|Any CPU.ActiveCfg = Debug|x64
		{843142EC-D588-3430-9A9E-0E5C474449C1}.Debug|x64.ActiveCfg = Debug|x64
		{843142EC-D588-3430-9A9E-0E5C474449C1}.Debug|x64.Build.0 = Debug|x64
		{843142EC-D588-3430-9A9E-0E5C474449C1}.MinSizeRel|Any CPU.ActiveCfg = MinSizeRel|x64
		{843142EC-D588-3430-9A9E-0E5C474449C1}.MinSizeRel|x64.ActiveCfg = MinSizeRel|x64
		{843142EC-D588-3430-9A9E-0E5C474449C1}.MinSizeRel|x64.Build.0 = MinSizeRel|x64
		{843142EC-D588-3430-9A9E-0E5C474449C1}.Release|Any CPU.ActiveCfg = Release|x64
		{843142EC-D588-3430-9A9E-0E5C474449C1}.Release|x64.ActiveCfg = Release|x64
		{843142EC-D588-3430-9A9E-0E5C474449C1}.Release|x64.Build.0 = Release|x64
		{843142EC-D588-3430-9A9E-0E5C474449C1}.RelWithDebInfo|Any CPU.ActiveCfg = RelWithDebInfo|x64
		{843142EC-D588-3430-9A9E-0E5C474449C1}.RelWithDebInfo|x64.ActiveCfg = RelWithDebInfo|x64
		{843142EC-D588-3430-9A9E-0E5C474449C1}.RelWithDebInfo|x64.Build.0 = RelWithDebInfo|x64
		{4A985F1E-7ECF-3E8C-A243-4214B930AF4B}.Debug|Any CPU.ActiveCfg = Debug|x64
		{4A985F1E-7ECF-3E8C-A243-4214B930AF4B}.Debug|x64.ActiveCfg = Debug|x64
		{4A985F1E-7ECF-3E8C-A243-4214B930AF4B}.Debug|x64.Build.0 = Debug|x64
		{4A985F1E-7ECF-3E8C-A243-4214B930AF4B}.MinSizeRel|Any CPU.ActiveCfg = MinSizeRel|x64
		{4A985F1E-7ECF-3E8C-A243-4214B930AF4B}.MinSizeRel|x64.ActiveCfg = MinSizeRel|x64
		{4A985F1E-7ECF-3E8C-A243-4214B930AF4B}.MinSizeRel|x64.Build.0 = MinSizeRel|x64
		{4A985F1E-7ECF-3E8C-A243-4214B930AF4B}.Release|Any CPU.ActiveCfg = Release|x64
		{4A985F1E-7ECF-3E8C-A243-4214B930AF4B}.Release|x64.ActiveCfg = Release|x64
		{4A985F1E-7ECF-3E8C-A243-4214B930AF4B}.Release|x64.Build.0 = Release|x64
		{4A985F1E-7ECF-3E8C-A243-4214B930AF4B}.RelWithDebInfo|Any CPU.ActiveCfg = RelWithDebInfo|x64
		{4A985F1E-7ECF-3E8C-A243-4214B930AF4B}.RelWithDebInfo|x64.ActiveCfg = RelWithDebInfo|x64
		{4A985F1E-7ECF-3E8C-A243-4214B930AF4B}.RelWithDebInfo|x64.Build.0 = RelWithDebInfo|x64
		{B95427C7-2EE1-3DF3-9258-72E544096731}.Debug|Any CPU.ActiveCfg = Debug|x64
		{B95427C7-2EE1-3DF3-9258-72E544096731}.Debug|x64.ActiveCfg = Debug|x64
		{B95427C7-2EE1-3DF3-9258-72E544096731}.Debug|x64.Build.0 = Debug|x64
		{B95427C7-2EE1-3DF3-9258-72E544096731}.MinSizeRel|Any CPU.ActiveCfg = MinSizeRel|x64
		{B95427C7-2EE1-3DF3-9258-72E544096731}.MinSizeRel|x64.ActiveCfg = MinSizeRel|x64
		{B95427C7-2EE1-3DF3-9258-72E544096731}.MinSizeRel|x64.Build.0 = MinSizeRel|x64
		{B95427C7-2EE1-3DF3-9258-72E544096731}.Release|Any CPU.ActiveCfg = Release|x64
		{B95427C7-2EE1-3DF3-9258-72E544096731}.Release|x64.ActiveCfg = Release|x64
		{B95427C7-2EE1-3DF3-9258-72E544096731}.Release|x64.Build.0 = Release|x64
		{B95427C7-2EE1-3DF3-9258-72E544096731}.RelWithDebInfo|Any CPU.ActiveCfg = RelWithDebInfo|x64
		{B95427C7-2EE1-3DF3-9258-72E544096731}.RelWithDebInfo|x64.ActiveCfg = RelWithDebInfo|x64
		{B95427C7-2EE1-3DF3-9258-72E544096731}.RelWithDebInfo|x64.Build.0 = RelWithDebInfo|x64
		{24A72216-6666-3119-92AA-29D4D6B8CA07}.Debug|Any CPU.ActiveCfg = Debug|x64
		{24A72216-6666-3119-92AA-29D4D6B8CA07}.Debug|x64.ActiveCfg = Debug|x64
		{24A72216-6666-3119-92AA-29D4D6B8CA07}.Debug|x64.Build.0 = Debug|x64
		{24A72216-6666-3119-92AA-29D4D6B8CA07}.MinSizeRel|Any CPU.ActiveCfg = MinSizeRel|x64
		{24A72216-6666-3119-92AA-29D4D6B8CA07}.MinSizeRel|x64.ActiveCfg = MinSizeRel|x64
		{24A72216-6666-3119-92AA-29D4D6B8CA07}.MinSizeRel|x64.Build.0 = MinSizeRel|x64
		{24A72216-6666-3119-92AA-29D4D6B8CA07}.Release|Any CPU.ActiveCfg = Release|x64
		{24A72216-6666-3119-92AA-29D4D6B8CA07}.Release|x64.ActiveCfg = Release|x64
		{24A72216-6666-3119-92AA-29D4D6B8CA07}.Release|x64.Build.0 = Release|x64
		{24A72216-6666-3119-92AA-29D4D6B8CA07}.RelWithDebInfo|Any CPU.ActiveCfg = RelWithDebInfo|x64
		{24A72216-6666-3119-92AA-29D4D6B8CA07}.RelWithDebInfo|x64.ActiveCfg = RelWithDebInfo|x64
		{24A72216-6666-3119-92AA-29D4D6B8CA07}.RelWithDebInfo|x64.Build.0 = RelWithDebInfo|x64
		{56F03963-D0A3-344C-947C-67EDE24BC2A7}.Debug|Any CPU.ActiveCfg = Debug|x64
		{56F03963-D0A3-344C-947C-67EDE24BC2A7}.Debug|x64.ActiveCfg = Debug|x64
		{56F03963-D0A3-344C-947C-67EDE24BC2A7}.Debug|x64.Build.0 = Debug|x64
		{56F03963-D0A3-344C-947C-67EDE24BC2A7}.MinSizeRel|Any CPU.ActiveCfg = MinSizeRel|x64
		{56F03963-D0A3-344C-947C-67EDE24BC2A7}.MinSizeRel|x64.ActiveCfg = MinSizeRel|x64
		{56F03963-D0A3-344C-947C-67EDE24BC2A7}.MinSizeRel|x64.Build.0 = MinSizeRel|x64
		{56F03963-D0A3-344C-947C-67EDE24BC2A7}.Release|Any CPU.ActiveCfg = Release|x64
		{56F03963-D0A3-344C-947C-67EDE24BC2A7}.Release|x64.ActiveCfg = Release|x64
		{56F03963-D0A3-344C-947C-67EDE24BC2A7}.Release|x64.Build.0 = Release|x64
		{56F03963-D0A3-344C-947C-67EDE24BC2A7}.RelWithDebInfo|Any CPU.ActiveCfg = RelWithDebInfo|x64
		{56F03963-D0A3-344C-947C-67EDE24BC2A7}.RelWithDebInfo|x64.ActiveCfg = RelWithDebInfo|x64
		{56F03963-D0A3-344C-947C-67EDE24BC2A7}.RelWithDebInfo|x64.Build.0 = RelWithDebInfo|x64
		{23F9AB79-49C4-3658-B760-40153472F3ED}.Debug|Any CPU.ActiveCfg = Debug|x64
		{23F9AB79-49C4-3658-B760-40153472F3ED}.Debug|x64.ActiveCfg = Debug|x64
		{23F9AB79-49C4-3658-B760-40153472F3ED}.Debug|x64.Build.0 = Debug|x64
		{23F9AB79-49C4-3658-B760-40153472F3ED}.MinSizeRel|Any CPU.ActiveCfg = MinSizeRel|x64
		{23F9AB79-49C4-3658-B760-40153472F3ED}.MinSizeRel|x64.ActiveCfg = MinSizeRel|x64
		{23F9AB79-49C4-3658-B760-40153472F3ED}.MinSizeRel|x64.Build.0 = MinSizeRel|x64
		{23F9AB79-49C4-3658-B760-40153472F3ED}.Release|Any CPU.ActiveCfg = Release|x64
		{23F9AB79-49C4-3658-B760-40153472F3ED}.Release|x64.ActiveCfg = Release|x64
		{23F9AB79-49C4-3658-B760-40153472F3ED}.Release|x64.Build.0 = Release|x64
		{23F9AB79-49C4-3658-B760-40153472F3ED}.RelWithDebInfo|Any CPU.ActiveCfg = RelWithDebInfo|x64
		{23F9AB79-49C4-3658-B760-40153472F3ED}.RelWithDebInfo|x64.ActiveCfg = RelWithDebInfo|x64
		{23F9AB79-49C4-3658-B760-40153472F3ED}.RelWithDebInfo|x64.Build.0 = RelWithDebInfo|x64
		{00532BA4-2F00-3078-BD96-0C9B632361AB}.Debug|Any CPU.ActiveCfg = Debug|x64
		{00532BA4-2F00-3078-BD96-0C9B632361AB}.Debug|x64.ActiveCfg = Debug|x64
		{00532BA4-2F00-3078-BD96-0C9B632361AB}.Debug|x64.Build.0 = Debug|x64
		{00532BA4-2F00-3078-BD96-0C9B632361AB}.MinSizeRel|Any CPU.ActiveCfg = MinSizeRel|x64
		{00532BA4-2F00-3078-BD96-0C9B632361AB}.MinSizeRel|x64.ActiveCfg = MinSizeRel|x64
		{00532BA4-2F00-3078-BD96-0C9B632361AB}.MinSizeRel|x64.Build.0 = MinSizeRel|x64
		{00532BA4-2F00-3078-BD96-0C9B632361AB}.Release|Any CPU.ActiveCfg = Release|x64
		{00532BA4-2F00-3078-BD96-0C9B632361AB}.Release|x64.ActiveCfg = Release|x64
		{00532BA4-2F00-3078-BD96-0C9B632361AB}.Release|x64.Build.0 = Release|x64
		{00532BA4-2F00-3078-BD96-0C9B632361AB}.RelWithDebInfo|Any CPU.ActiveCfg = RelWithDebInfo|x64
		{00532BA4-2F00-3078-BD96-0C9B632361AB}.RelWithDebInfo|x64.ActiveCfg = RelWithDebInfo|x64
		{00532BA4-2F00-3078-BD96-0C9B632361AB}.RelWithDebInfo|x64.Build.0 = RelWithDebInfo|x64
		{27AE822D-DB4A-3FC1-97A0-DBE00E5C7893}.Debug|Any CPU.ActiveCfg = Debug|x64
		{27AE822D-DB4A-3FC1-97A0-DBE00E5C7893}.Debug|x64.ActiveCfg = Debug|x64
		{27AE822D-DB4A-3FC1-97A0-DBE00E5C7893}.Debug|x64.Build.0 = Debug|x64
		{27AE822D-DB4A-3FC1-97A0-DBE00E5C7893}.MinSizeRel|Any CPU.ActiveCfg = MinSizeRel|x64
		{27AE822D-DB4A-3FC1-97A0-DBE00E5C7893}.MinSizeRel|x64.ActiveCfg = MinSizeRel|x64
		{27AE822D-DB4A-3FC1-97A0-DBE00E5C7893}.MinSizeRel|x64.Build.0 = MinSizeRel|x64
		{27AE822D-DB4A-3FC1-97A0-DBE00E5C7893}.Release|Any CPU.ActiveCfg = Release|x64
		{27AE822D-DB4A-3FC1-97A0-DBE00E5C7893}.Release|x64.ActiveCfg = Release|x64
		{27AE822D-DB4A-3FC1-97A0-DBE00E5C7893}.Release|x64.Build.0 = Release|x64
		{27AE822D-DB4A-3FC1-97A0-DBE00E5C7893}.RelWithDebInfo|Any CPU.ActiveCfg = RelWithDebInfo|x64
		{27AE822D-DB4A-3FC1-97A0-DBE00E5C7893}.RelWithDebInfo|x64.ActiveCfg = RelWithDebInfo|x64
		{27AE822D-DB4A-3FC1-97A0-DBE00E5C7893}.RelWithDebInfo|x64.Build.0 = RelWithDebInfo|x64
		{450BBFEE-EB2C-3006-92EB-B53FC2B4C090}.Debug|Any CPU.ActiveCfg = Debug|x64
		{450BBFEE-EB2C-3006-92EB-B53FC2B4C090}.Debug|x64.ActiveCfg = Debug|x64
		{450BBFEE-EB2C-3006-92EB-B53FC2B4C090}.Debug|x64.Build.0 = Debug|x64
		{450BBFEE-EB2C-3006-92EB-B53FC2B4C090}.MinSizeRel|Any CPU.ActiveCfg = MinSizeRel|x64
		{450BBFEE-EB2C-3006-92EB-B53FC2B4C090}.MinSizeRel|x64.ActiveCfg = MinSizeRel|x64
		{450BBFEE-EB2C-3006-92EB-B53FC2B4C090}.MinSizeRel|x64.Build.0 = MinSizeRel|x64
		{450BBFEE-EB2C-3006-92EB-B53FC2B4C090}.Release|Any CPU.ActiveCfg = Release|x64
		{450BBFEE-EB2C-3006-92EB-B53FC2B4C090}.Release|x64.ActiveCfg = Release|x64
		{450BBFEE-EB2C-3006-92EB-B53FC2B4C090}.Release|x64.Build.0 = Release|x64
		{450BBFEE-EB2C-3006-92EB-B53FC2B4C090}.RelWithDebInfo|Any CPU.ActiveCfg = RelWithDebInfo|x64
		{450BBFEE-EB2C-3006-92EB-B53FC2B4C090}.RelWithDebInfo|x64.ActiveCfg = RelWithDebInfo|x64
		{450BBFEE-EB2C-3006-92EB-B53FC2B4C090}.RelWithDebInfo|x64.Build.0 = RelWithDebInfo|x64
		{72EB0C55-9311-3624-BE14-F72F1BE2D2B2}.Debug|Any CPU.ActiveCfg = Debug|x64
		{72EB0C55-9311-3624-BE14-F72F1BE2D2B2}.Debug|x64.ActiveCfg = Debug|x64
		{72EB0C55-9311-3624-BE14-F72F1BE2D2B2}.Debug|x64.Build.0 = Debug|x64
		{72EB0C55-9311-3624-BE14-F72F1BE2D2B2}.MinSizeRel|Any CPU.ActiveCfg = MinSizeRel|x64
		{72EB0C55-9311-3624-BE14-F72F1BE2D2B2}.MinSizeRel|x64.ActiveCfg = MinSizeRel|x64
		{72EB0C55-9311-3624-BE14-F72F1BE2D2B2}.MinSizeRel|x64.Build.0 = MinSizeRel|x64
		{72EB0C55-9311-3624-BE14-F72F1BE2D2B2}.Release|Any CPU.ActiveCfg = Release|x64
		{72EB0C55-9311-3624-BE14-F72F1BE2D2B2}.Release|x64.ActiveCfg = Release|x64
		{72EB0C55-9311-3624-BE14-F72F1BE2D2B2}.Release|x64.Build.0 = Release|x64
		{72EB0C55-9311-3624-BE14-F72F1BE2D2B2}.RelWithDebInfo|Any CPU.ActiveCfg = RelWithDebInfo|x64
		{72EB0C55-9311-3624-BE14-F72F1BE2D2B2}.RelWithDebInfo|x64.ActiveCfg = RelWithDebInfo|x64
		{72EB0C55-9311-3624-BE14-F72F1BE2D2B2}.RelWithDebInfo|x64.Build.0 = RelWithDebInfo|x64
		{FF770069-2146-3AD2-A798-C487C79C12B0}.Debug|Any CPU.ActiveCfg = Debug|x64
		{FF770069-2146-3AD2-A798-C487C79C12B0}.Debug|x64.ActiveCfg = Debug|x64
		{FF770069-2146-3AD2-A798-C487C79C12B0}.Debug|x64.Build.0 = Debug|x64
		{FF770069-2146-3AD2-A798-C487C79C12B0}.MinSizeRel|Any CPU.ActiveCfg = MinSizeRel|x64
		{FF770069-2146-3AD2-A798-C487C79C12B0}.MinSizeRel|x64.ActiveCfg = MinSizeRel|x64
		{FF770069-2146-3AD2-A798-C487C79C12B0}.MinSizeRel|x64.Build.0 = MinSizeRel|x64
		{FF770069-2146-3AD2-A798-C487C79C12B0}.Release|Any CPU.ActiveCfg = Release|x64
		{FF770069-2146-3AD2-A798-C487C79C12B0}.Release|x64.ActiveCfg = Release|x64
		{FF770069-2146-3AD2-A798-C487C79C12B0}.Release|x64.Build.0 = Release|x64
		{FF770069-2146-3AD2-A798-C487C79C12B0}.RelWithDebInfo|Any CPU.ActiveCfg = RelWithDebInfo|x64
		{FF770069-2146-3AD2-A798-C487C79C12B0}.RelWithDebInfo|x64.ActiveCfg = RelWithDebInfo|x64
		{FF770069-2146-3AD2-A798-C487C79C12B0}.RelWithDebInfo|x64.Build.0 = RelWithDebInfo|x64
		{F36B27FF-711F-351A-893F-D468EEE561E0}.Debug|Any CPU.ActiveCfg = Debug|x64
		{F36B27FF-711F-351A-893F-D468EEE561E0}.Debug|x64.ActiveCfg = Debug|x64
		{F36B27FF-711F-351A-893F-D468EEE561E0}.Debug|x64.Build.0 = Debug|x64
		{F36B27FF-711F-351A-893F-D468EEE561E0}.MinSizeRel|Any CPU.ActiveCfg = MinSizeRel|x64
		{F36B27FF-711F-351A-893F-D468EEE561E0}.MinSizeRel|x64.ActiveCfg = MinSizeRel|x64
		{F36B27FF-711F-351A-893F-D468EEE561E0}.MinSizeRel|x64.Build.0 = MinSizeRel|x64
		{F36B27FF-711F-351A-893F-D468EEE561E0}.Release|Any CPU.ActiveCfg = Release|x64
		{F36B27FF-711F-351A-893F-D468EEE561E0}.Release|x64.ActiveCfg = Release|x64
		{F36B27FF-711F-351A-893F-D468EEE561E0}.Release|x64.Build.0 = Release|x64
		{F36B27FF-711F-351A-893F-D468EEE561E0}.RelWithDebInfo|Any CPU.ActiveCfg = RelWithDebInfo|x64
		{F36B27FF-711F-351A-893F-D468EEE561E0}.RelWithDebInfo|x64.ActiveCfg = RelWithDebInfo|x64
		{F36B27FF-711F-351A-893F-D468EEE561E0}.RelWithDebInfo|x64.Build.0 = RelWithDebInfo|x64
		{E34D8D16-FB59-3B71-910E-6ABF5BBB17A5}.Debug|Any CPU.ActiveCfg = Debug|x64
		{E34D8D16-FB59-3B71-910E-6ABF5BBB17A5}.Debug|x64.ActiveCfg = Debug|x64
		{E34D8D16-FB59-3B71-910E-6ABF5BBB17A5}.Debug|x64.Build.0 = Debug|x64
		{E34D8D16-FB59-3B71-910E-6ABF5BBB17A5}.MinSizeRel|Any CPU.ActiveCfg = MinSizeRel|x64
		{E34D8D16-FB59-3B71-910E-6ABF5BBB17A5}.MinSizeRel|x64.ActiveCfg = MinSizeRel|x64
		{E34D8D16-FB59-3B71-910E-6ABF5BBB17A5}.MinSizeRel|x64.Build.0 = MinSizeRel|x64
		{E34D8D16-FB59-3B71-910E-6ABF5BBB17A5}.Release|Any CPU.ActiveCfg = Release|x64
		{E34D8D16-FB59-3B71-910E-6ABF5BBB17A5}.Release|x64.ActiveCfg = Release|x64
		{E34D8D16-FB59-3B71-910E-6ABF5BBB17A5}.Release|x64.Build.0 = Release|x64
		{E34D8D16-FB59-3B71-910E-6ABF5BBB17A5}.RelWithDebInfo|Any CPU.ActiveCfg = RelWithDebInfo|x64
		{E34D8D16-FB59-3B71-910E-6ABF5BBB17A5}.RelWithDebInfo|x64.ActiveCfg = RelWithDebInfo|x64
		{E34D8D16-FB59-3B71-910E-6ABF5BBB17A5}.RelWithDebInfo|x64.Build.0 = RelWithDebInfo|x64
		{2E1E81DF-3A31-3577-873C-AC0BBC70A002}.Debug|Any CPU.ActiveCfg = Debug|x64
		{2E1E81DF-3A31-3577-873C-AC0BBC70A002}.Debug|x64.ActiveCfg = Debug|x64
		{2E1E81DF-3A31-3577-873C-AC0BBC70A002}.Debug|x64.Build.0 = Debug|x64
		{2E1E81DF-3A31-3577-873C-AC0BBC70A002}.MinSizeRel|Any CPU.ActiveCfg = MinSizeRel|x64
		{2E1E81DF-3A31-3577-873C-AC0BBC70A002}.MinSizeRel|x64.ActiveCfg = MinSizeRel|x64
		{2E1E81DF-3A31-3577-873C-AC0BBC70A002}.MinSizeRel|x64.Build.0 = MinSizeRel|x64
		{2E1E81DF-3A31-3577-873C-AC0BBC70A002}.Release|Any CPU.ActiveCfg = Release|x64
		{2E1E81DF-3A31-3577-873C-AC0BBC70A002}.Release|x64.ActiveCfg = Release|x64
		{2E1E81DF-3A31-3577-873C-AC0BBC70A002}.Release|x64.Build.0 = Release|x64
		{2E1E81DF-3A31-3577-873C-AC0BBC70A002}.RelWithDebInfo|Any CPU.ActiveCfg = RelWithDebInfo|x64
		{2E1E81DF-3A31-3577-873C-AC0BBC70A002}.RelWithDebInfo|x64.ActiveCfg = RelWithDebInfo|x64
		{2E1E81DF-3A31-3577-873C-AC0BBC70A002}.RelWithDebInfo|x64.Build.0 = RelWithDebInfo|x64
		{467959CB-FBFF-49AB-A26F-F8FF004A0408}.Debug|Any CPU.ActiveCfg = Debug|Any CPU
		{467959CB-FBFF-49AB-A26F-F8FF004A0408}.Debug|Any CPU.Build.0 = Debug|Any CPU
		{467959CB-FBFF-49AB-A26F-F8FF004A0408}.Debug|x64.ActiveCfg = Debug|Any CPU
		{467959CB-FBFF-49AB-A26F-F8FF004A0408}.Debug|x64.Build.0 = Debug|Any CPU
		{467959CB-FBFF-49AB-A26F-F8FF004A0408}.MinSizeRel|Any CPU.ActiveCfg = Debug|Any CPU
		{467959CB-FBFF-49AB-A26F-F8FF004A0408}.MinSizeRel|Any CPU.Build.0 = Debug|Any CPU
		{467959CB-FBFF-49AB-A26F-F8FF004A0408}.MinSizeRel|x64.ActiveCfg = Debug|Any CPU
		{467959CB-FBFF-49AB-A26F-F8FF004A0408}.MinSizeRel|x64.Build.0 = Debug|Any CPU
		{467959CB-FBFF-49AB-A26F-F8FF004A0408}.Release|Any CPU.ActiveCfg = Release|Any CPU
		{467959CB-FBFF-49AB-A26F-F8FF004A0408}.Release|Any CPU.Build.0 = Release|Any CPU
		{467959CB-FBFF-49AB-A26F-F8FF004A0408}.Release|x64.ActiveCfg = Debug|Any CPU
		{467959CB-FBFF-49AB-A26F-F8FF004A0408}.Release|x64.Build.0 = Debug|Any CPU
		{467959CB-FBFF-49AB-A26F-F8FF004A0408}.RelWithDebInfo|Any CPU.ActiveCfg = Release|Any CPU
		{467959CB-FBFF-49AB-A26F-F8FF004A0408}.RelWithDebInfo|Any CPU.Build.0 = Release|Any CPU
		{467959CB-FBFF-49AB-A26F-F8FF004A0408}.RelWithDebInfo|x64.ActiveCfg = Release|Any CPU
		{467959CB-FBFF-49AB-A26F-F8FF004A0408}.RelWithDebInfo|x64.Build.0 = Release|Any CPU
		{E18E5CF4-8827-432E-91C7-DFF9AE15CCF6}.Debug|Any CPU.ActiveCfg = Debug|Any CPU
		{E18E5CF4-8827-432E-91C7-DFF9AE15CCF6}.Debug|Any CPU.Build.0 = Debug|Any CPU
		{E18E5CF4-8827-432E-91C7-DFF9AE15CCF6}.Debug|x64.ActiveCfg = Debug|Any CPU
		{E18E5CF4-8827-432E-91C7-DFF9AE15CCF6}.Debug|x64.Build.0 = Debug|Any CPU
		{E18E5CF4-8827-432E-91C7-DFF9AE15CCF6}.MinSizeRel|Any CPU.ActiveCfg = Debug|Any CPU
		{E18E5CF4-8827-432E-91C7-DFF9AE15CCF6}.MinSizeRel|Any CPU.Build.0 = Debug|Any CPU
		{E18E5CF4-8827-432E-91C7-DFF9AE15CCF6}.MinSizeRel|x64.ActiveCfg = Debug|Any CPU
		{E18E5CF4-8827-432E-91C7-DFF9AE15CCF6}.MinSizeRel|x64.Build.0 = Debug|Any CPU
		{E18E5CF4-8827-432E-91C7-DFF9AE15CCF6}.Release|Any CPU.ActiveCfg = Release|Any CPU
		{E18E5CF4-8827-432E-91C7-DFF9AE15CCF6}.Release|Any CPU.Build.0 = Release|Any CPU
		{E18E5CF4-8827-432E-91C7-DFF9AE15CCF6}.Release|x64.ActiveCfg = Debug|Any CPU
		{E18E5CF4-8827-432E-91C7-DFF9AE15CCF6}.Release|x64.Build.0 = Debug|Any CPU
		{E18E5CF4-8827-432E-91C7-DFF9AE15CCF6}.RelWithDebInfo|Any CPU.ActiveCfg = Release|Any CPU
		{E18E5CF4-8827-432E-91C7-DFF9AE15CCF6}.RelWithDebInfo|Any CPU.Build.0 = Release|Any CPU
		{E18E5CF4-8827-432E-91C7-DFF9AE15CCF6}.RelWithDebInfo|x64.ActiveCfg = Release|Any CPU
		{E18E5CF4-8827-432E-91C7-DFF9AE15CCF6}.RelWithDebInfo|x64.Build.0 = Release|Any CPU
		{F41AED5D-1DA5-44D8-82ED-8FD38C274627}.Debug|Any CPU.ActiveCfg = Debug|Any CPU
		{F41AED5D-1DA5-44D8-82ED-8FD38C274627}.Debug|Any CPU.Build.0 = Debug|Any CPU
		{F41AED5D-1DA5-44D8-82ED-8FD38C274627}.Debug|x64.ActiveCfg = Debug|Any CPU
		{F41AED5D-1DA5-44D8-82ED-8FD38C274627}.Debug|x64.Build.0 = Debug|Any CPU
		{F41AED5D-1DA5-44D8-82ED-8FD38C274627}.MinSizeRel|Any CPU.ActiveCfg = Debug|Any CPU
		{F41AED5D-1DA5-44D8-82ED-8FD38C274627}.MinSizeRel|Any CPU.Build.0 = Debug|Any CPU
		{F41AED5D-1DA5-44D8-82ED-8FD38C274627}.MinSizeRel|x64.ActiveCfg = Debug|Any CPU
		{F41AED5D-1DA5-44D8-82ED-8FD38C274627}.MinSizeRel|x64.Build.0 = Debug|Any CPU
		{F41AED5D-1DA5-44D8-82ED-8FD38C274627}.Release|Any CPU.ActiveCfg = Release|Any CPU
		{F41AED5D-1DA5-44D8-82ED-8FD38C274627}.Release|Any CPU.Build.0 = Release|Any CPU
		{F41AED5D-1DA5-44D8-82ED-8FD38C274627}.Release|x64.ActiveCfg = Debug|Any CPU
		{F41AED5D-1DA5-44D8-82ED-8FD38C274627}.Release|x64.Build.0 = Debug|Any CPU
		{F41AED5D-1DA5-44D8-82ED-8FD38C274627}.RelWithDebInfo|Any CPU.ActiveCfg = Release|Any CPU
		{F41AED5D-1DA5-44D8-82ED-8FD38C274627}.RelWithDebInfo|Any CPU.Build.0 = Release|Any CPU
		{F41AED5D-1DA5-44D8-82ED-8FD38C274627}.RelWithDebInfo|x64.ActiveCfg = Release|Any CPU
		{F41AED5D-1DA5-44D8-82ED-8FD38C274627}.RelWithDebInfo|x64.Build.0 = Release|Any CPU
		{E0943F3F-886F-4B60-AD92-7293E3E83531}.Debug|Any CPU.ActiveCfg = Debug|Any CPU
		{E0943F3F-886F-4B60-AD92-7293E3E83531}.Debug|Any CPU.Build.0 = Debug|Any CPU
		{E0943F3F-886F-4B60-AD92-7293E3E83531}.Debug|x64.ActiveCfg = Debug|Any CPU
		{E0943F3F-886F-4B60-AD92-7293E3E83531}.Debug|x64.Build.0 = Debug|Any CPU
		{E0943F3F-886F-4B60-AD92-7293E3E83531}.MinSizeRel|Any CPU.ActiveCfg = Debug|Any CPU
		{E0943F3F-886F-4B60-AD92-7293E3E83531}.MinSizeRel|Any CPU.Build.0 = Debug|Any CPU
		{E0943F3F-886F-4B60-AD92-7293E3E83531}.MinSizeRel|x64.ActiveCfg = Debug|Any CPU
		{E0943F3F-886F-4B60-AD92-7293E3E83531}.MinSizeRel|x64.Build.0 = Debug|Any CPU
		{E0943F3F-886F-4B60-AD92-7293E3E83531}.Release|Any CPU.ActiveCfg = Release|Any CPU
		{E0943F3F-886F-4B60-AD92-7293E3E83531}.Release|Any CPU.Build.0 = Release|Any CPU
		{E0943F3F-886F-4B60-AD92-7293E3E83531}.Release|x64.ActiveCfg = Debug|Any CPU
		{E0943F3F-886F-4B60-AD92-7293E3E83531}.Release|x64.Build.0 = Debug|Any CPU
		{E0943F3F-886F-4B60-AD92-7293E3E83531}.RelWithDebInfo|Any CPU.ActiveCfg = Release|Any CPU
		{E0943F3F-886F-4B60-AD92-7293E3E83531}.RelWithDebInfo|Any CPU.Build.0 = Release|Any CPU
		{E0943F3F-886F-4B60-AD92-7293E3E83531}.RelWithDebInfo|x64.ActiveCfg = Release|Any CPU
		{E0943F3F-886F-4B60-AD92-7293E3E83531}.RelWithDebInfo|x64.Build.0 = Release|Any CPU
	EndGlobalSection
	GlobalSection(SolutionProperties) = preSolution
		HideSolutionNode = FALSE
	EndGlobalSection
	GlobalSection(NestedProjects) = preSolution
		{68B24FC4-7205-3D7C-9137-EA941926E10B} = {0CA43EC3-AD01-3E43-B0F1-4E79B37EC3F5}
		{1DF9914E-93F6-3D5B-B29F-27936A372E26} = {670A4B4B-DC90-3433-96EB-804472DE8297}
		{526E7EA7-414E-3A7C-A077-D74C2A46D6EB} = {0CA43EC3-AD01-3E43-B0F1-4E79B37EC3F5}
		{DF6F7D33-6E2F-35AA-9B5D-0AB7EDFA15D7} = {2CA238FB-4FE5-3725-A7AE-81014CA9B455}
		{88EC43D0-1323-3B86-87C8-FDA8E3858907} = {2CA238FB-4FE5-3725-A7AE-81014CA9B455}
		{90FF5BCE-4954-31C5-938A-53CEDC2B6D5D} = {2CA238FB-4FE5-3725-A7AE-81014CA9B455}
		{843142EC-D588-3430-9A9E-0E5C474449C1} = {2CA238FB-4FE5-3725-A7AE-81014CA9B455}
		{4A985F1E-7ECF-3E8C-A243-4214B930AF4B} = {0CA43EC3-AD01-3E43-B0F1-4E79B37EC3F5}
		{56F03963-D0A3-344C-947C-67EDE24BC2A7} = {2CA238FB-4FE5-3725-A7AE-81014CA9B455}
		{23F9AB79-49C4-3658-B760-40153472F3ED} = {2CA238FB-4FE5-3725-A7AE-81014CA9B455}
		{00532BA4-2F00-3078-BD96-0C9B632361AB} = {D2614DF8-F22D-35BD-83BF-FA6B342FE3EE}
		{72EB0C55-9311-3624-BE14-F72F1BE2D2B2} = {D2614DF8-F22D-35BD-83BF-FA6B342FE3EE}
	EndGlobalSection
	GlobalSection(ExtensibilityGlobals) = postSolution
		SolutionGuid = {1E2FF629-5A0A-3083-91BD-DDAC902EE407}
	EndGlobalSection
EndGlobal
